
Microsoft Visual Studio Solution File, Format Version 12.00
# Visual Studio Version 16
VisualStudioVersion = 25.0.1705.0
MinimumVisualStudioVersion = 10.0.40219.1
Project("{FAE04EC0-301F-11D3-BF4B-00C04F79EFBC}") = "BIDSSMemInputTester", "BIDSSMemInputTester\BIDSSMemInputTester.csproj", "{81E82FFC-F0AE-465C-958C-EADDBC590821}"
EndProject
Project("{FAE04EC0-301F-11D3-BF4B-00C04F79EFBC}") = "BIDSSMemLib.rw", "BIDSSMemLib.rw\BIDSSMemLib.rw.csproj", "{157F4B29-9F00-45EC-91E0-4D39212E69CC}"
EndProject
Project("{FAE04EC0-301F-11D3-BF4B-00C04F79EFBC}") = "BIDSSMemLib.structs", "BIDSSMemLib.structs\BIDSSMemLib.structs.csproj", "{DFE543B6-6C8E-437A-9B6B-ABCE99ECC980}"
EndProject
Project("{FAE04EC0-301F-11D3-BF4B-00C04F79EFBC}") = "TR.CustomDataSharingManager.Core", "TR.CustomDataSharingManager.Core\TR.CustomDataSharingManager.Core.csproj", "{F951933A-11E9-4AF1-A460-6A7E6737DFFA}"
EndProject
Project("{FAE04EC0-301F-11D3-BF4B-00C04F79EFBC}") = "TR.CustomDataSharingManager.Tests", "TR.CustomDataSharingManager.Tests\TR.CustomDataSharingManager.Tests.csproj", "{3B211A33-ABF2-4BFB-ABCF-E083EB1899BD}"
EndProject
Project("{FAE04EC0-301F-11D3-BF4B-00C04F79EFBC}") = "TR.SMemCtrler", "TR.SMemCtrler\TR.SMemCtrler.csproj", "{A6541E84-7028-42AB-8B29-0F8272D68A11}"
EndProject
Project("{FAE04EC0-301F-11D3-BF4B-00C04F79EFBC}") = "TR.SMemCtrler.Tests", "TR.SMemCtrler.Tests\TR.SMemCtrler.Tests.csproj", "{9F8E72FC-1177-4A89-997B-6ACF69A8F5AB}"
EndProject
Project("{FAE04EC0-301F-11D3-BF4B-00C04F79EFBC}") = "TR.SMemIF", "TR.SMemIF\TR.SMemIF.csproj", "{339F9E1D-4A9C-4B2F-A68C-D9687873CC86}"
EndProject
Project("{FAE04EC0-301F-11D3-BF4B-00C04F79EFBC}") = "TR.SMemIF.Mock", "TR.SMemIF.Mock\TR.SMemIF.Mock.csproj", "{95C5E138-50B1-41B1-9968-FA190936FF53}"
EndProject
Project("{FAE04EC0-301F-11D3-BF4B-00C04F79EFBC}") = "TR.SMemIF.Tests", "TR.SMemIF.Tests\TR.SMemIF.Tests.csproj", "{D4444E55-9918-4905-9857-3BC34C7EFEE5}"
EndProject
Project("{FAE04EC0-301F-11D3-BF4B-00C04F79EFBC}") = "TR.ISMemCtrler", "TR.ISMemCtrler\TR.ISMemCtrler.csproj", "{B44CA6E0-B092-4FBA-9C30-EC6576733929}"
EndProject
Project("{FAE04EC0-301F-11D3-BF4B-00C04F79EFBC}") = "TR.ISMemIF", "TR.ISMemIF\TR.ISMemIF.csproj", "{51C50917-9A27-440E-84C7-EFF691B79840}"
EndProject
Project("{FAE04EC0-301F-11D3-BF4B-00C04F79EFBC}") = "TR.SMemCtrler.AutoReadSupporter", "TR.SMemCtrler.AutoReadSupporter\TR.SMemCtrler.AutoReadSupporter.csproj", "{9477CC07-56B8-470A-ADE6-C5F77FDC57D9}"
EndProject
Project("{FAE04EC0-301F-11D3-BF4B-00C04F79EFBC}") = "BIDSSMemLib.RandomWriter", "BIDSSMemLib.RandomWriter\BIDSSMemLib.RandomWriter.csproj", "{6A462F78-6CAF-4E98-AE4F-6669AE95B70F}"
EndProject
Project("{FAE04EC0-301F-11D3-BF4B-00C04F79EFBC}") = "BIDSSMemLib.ValueChecker", "BIDSSMemLib.ValueChecker\BIDSSMemLib.ValueChecker.csproj", "{FF2B4444-2CE2-4071-B919-AA0C530980E7}"
EndProject
Project("{FAE04EC0-301F-11D3-BF4B-00C04F79EFBC}") = "BIDSSMemLib.CtrlInput", "BIDSSMemLib.CtrlInput\BIDSSMemLib.CtrlInput.csproj", "{7391C730-6776-4DF1-B645-6FBC85F2C682}"
EndProject
Global
	GlobalSection(SolutionConfigurationPlatforms) = preSolution
		Debug|Any CPU = Debug|Any CPU
		Release|Any CPU = Release|Any CPU
		Debug|x64 = Debug|x64
		Release|x64 = Release|x64
		Debug|x86 = Debug|x86
		Release|x86 = Release|x86
	EndGlobalSection
	GlobalSection(ProjectConfigurationPlatforms) = postSolution
		{81E82FFC-F0AE-465C-958C-EADDBC590821}.Debug|Any CPU.ActiveCfg = Debug|Any CPU
		{81E82FFC-F0AE-465C-958C-EADDBC590821}.Debug|Any CPU.Build.0 = Debug|Any CPU
		{81E82FFC-F0AE-465C-958C-EADDBC590821}.Release|Any CPU.ActiveCfg = Release|Any CPU
		{81E82FFC-F0AE-465C-958C-EADDBC590821}.Release|Any CPU.Build.0 = Release|Any CPU
		{81E82FFC-F0AE-465C-958C-EADDBC590821}.Debug|x64.ActiveCfg = Debug|x64
		{81E82FFC-F0AE-465C-958C-EADDBC590821}.Debug|x64.Build.0 = Debug|x64
		{81E82FFC-F0AE-465C-958C-EADDBC590821}.Release|x64.ActiveCfg = Release|x64
		{81E82FFC-F0AE-465C-958C-EADDBC590821}.Release|x64.Build.0 = Release|x64
		{81E82FFC-F0AE-465C-958C-EADDBC590821}.Debug|x86.ActiveCfg = Debug|x86
		{81E82FFC-F0AE-465C-958C-EADDBC590821}.Debug|x86.Build.0 = Debug|x86
		{81E82FFC-F0AE-465C-958C-EADDBC590821}.Release|x86.ActiveCfg = Release|x86
		{81E82FFC-F0AE-465C-958C-EADDBC590821}.Release|x86.Build.0 = Release|x86
		{157F4B29-9F00-45EC-91E0-4D39212E69CC}.Debug|Any CPU.ActiveCfg = Debug|Any CPU
		{157F4B29-9F00-45EC-91E0-4D39212E69CC}.Debug|Any CPU.Build.0 = Debug|Any CPU
		{157F4B29-9F00-45EC-91E0-4D39212E69CC}.Release|Any CPU.ActiveCfg = Release|Any CPU
		{157F4B29-9F00-45EC-91E0-4D39212E69CC}.Release|Any CPU.Build.0 = Release|Any CPU
		{157F4B29-9F00-45EC-91E0-4D39212E69CC}.Debug|x64.ActiveCfg = Debug|x64
		{157F4B29-9F00-45EC-91E0-4D39212E69CC}.Debug|x64.Build.0 = Debug|x64
		{157F4B29-9F00-45EC-91E0-4D39212E69CC}.Release|x64.ActiveCfg = Release|x64
		{157F4B29-9F00-45EC-91E0-4D39212E69CC}.Release|x64.Build.0 = Release|x64
		{157F4B29-9F00-45EC-91E0-4D39212E69CC}.Debug|x86.ActiveCfg = Debug|x86
		{157F4B29-9F00-45EC-91E0-4D39212E69CC}.Debug|x86.Build.0 = Debug|x86
		{157F4B29-9F00-45EC-91E0-4D39212E69CC}.Release|x86.ActiveCfg = Release|x86
		{157F4B29-9F00-45EC-91E0-4D39212E69CC}.Release|x86.Build.0 = Release|x86
		{DFE543B6-6C8E-437A-9B6B-ABCE99ECC980}.Debug|Any CPU.ActiveCfg = Debug|Any CPU
		{DFE543B6-6C8E-437A-9B6B-ABCE99ECC980}.Debug|Any CPU.Build.0 = Debug|Any CPU
		{DFE543B6-6C8E-437A-9B6B-ABCE99ECC980}.Release|Any CPU.ActiveCfg = Release|Any CPU
		{DFE543B6-6C8E-437A-9B6B-ABCE99ECC980}.Release|Any CPU.Build.0 = Release|Any CPU
		{DFE543B6-6C8E-437A-9B6B-ABCE99ECC980}.Debug|x64.ActiveCfg = Debug|x64
		{DFE543B6-6C8E-437A-9B6B-ABCE99ECC980}.Debug|x64.Build.0 = Debug|x64
		{DFE543B6-6C8E-437A-9B6B-ABCE99ECC980}.Release|x64.ActiveCfg = Release|x64
		{DFE543B6-6C8E-437A-9B6B-ABCE99ECC980}.Release|x64.Build.0 = Release|x64
		{DFE543B6-6C8E-437A-9B6B-ABCE99ECC980}.Debug|x86.ActiveCfg = Debug|x86
		{DFE543B6-6C8E-437A-9B6B-ABCE99ECC980}.Debug|x86.Build.0 = Debug|x86
		{DFE543B6-6C8E-437A-9B6B-ABCE99ECC980}.Release|x86.ActiveCfg = Release|x86
		{DFE543B6-6C8E-437A-9B6B-ABCE99ECC980}.Release|x86.Build.0 = Release|x86
		{F951933A-11E9-4AF1-A460-6A7E6737DFFA}.Debug|Any CPU.ActiveCfg = Debug|Any CPU
		{F951933A-11E9-4AF1-A460-6A7E6737DFFA}.Debug|Any CPU.Build.0 = Debug|Any CPU
		{F951933A-11E9-4AF1-A460-6A7E6737DFFA}.Release|Any CPU.ActiveCfg = Release|Any CPU
		{F951933A-11E9-4AF1-A460-6A7E6737DFFA}.Release|Any CPU.Build.0 = Release|Any CPU
		{F951933A-11E9-4AF1-A460-6A7E6737DFFA}.Debug|x64.ActiveCfg = Debug|Any CPU
		{F951933A-11E9-4AF1-A460-6A7E6737DFFA}.Debug|x64.Build.0 = Debug|Any CPU
		{F951933A-11E9-4AF1-A460-6A7E6737DFFA}.Release|x64.ActiveCfg = Release|Any CPU
		{F951933A-11E9-4AF1-A460-6A7E6737DFFA}.Release|x64.Build.0 = Release|Any CPU
		{F951933A-11E9-4AF1-A460-6A7E6737DFFA}.Debug|x86.ActiveCfg = Debug|Any CPU
		{F951933A-11E9-4AF1-A460-6A7E6737DFFA}.Debug|x86.Build.0 = Debug|Any CPU
		{F951933A-11E9-4AF1-A460-6A7E6737DFFA}.Release|x86.ActiveCfg = Release|Any CPU
		{F951933A-11E9-4AF1-A460-6A7E6737DFFA}.Release|x86.Build.0 = Release|Any CPU
		{3B211A33-ABF2-4BFB-ABCF-E083EB1899BD}.Debug|Any CPU.ActiveCfg = Debug|Any CPU
		{3B211A33-ABF2-4BFB-ABCF-E083EB1899BD}.Debug|Any CPU.Build.0 = Debug|Any CPU
		{3B211A33-ABF2-4BFB-ABCF-E083EB1899BD}.Release|Any CPU.ActiveCfg = Release|Any CPU
		{3B211A33-ABF2-4BFB-ABCF-E083EB1899BD}.Release|Any CPU.Build.0 = Release|Any CPU
		{3B211A33-ABF2-4BFB-ABCF-E083EB1899BD}.Debug|x64.ActiveCfg = Debug|Any CPU
		{3B211A33-ABF2-4BFB-ABCF-E083EB1899BD}.Debug|x64.Build.0 = Debug|Any CPU
		{3B211A33-ABF2-4BFB-ABCF-E083EB1899BD}.Release|x64.ActiveCfg = Release|Any CPU
		{3B211A33-ABF2-4BFB-ABCF-E083EB1899BD}.Release|x64.Build.0 = Release|Any CPU
		{3B211A33-ABF2-4BFB-ABCF-E083EB1899BD}.Debug|x86.ActiveCfg = Debug|Any CPU
		{3B211A33-ABF2-4BFB-ABCF-E083EB1899BD}.Debug|x86.Build.0 = Debug|Any CPU
		{3B211A33-ABF2-4BFB-ABCF-E083EB1899BD}.Release|x86.ActiveCfg = Release|Any CPU
		{3B211A33-ABF2-4BFB-ABCF-E083EB1899BD}.Release|x86.Build.0 = Release|Any CPU
		{A6541E84-7028-42AB-8B29-0F8272D68A11}.Debug|Any CPU.ActiveCfg = Debug|Any CPU
		{A6541E84-7028-42AB-8B29-0F8272D68A11}.Debug|Any CPU.Build.0 = Debug|Any CPU
		{A6541E84-7028-42AB-8B29-0F8272D68A11}.Release|Any CPU.ActiveCfg = Release|Any CPU
		{A6541E84-7028-42AB-8B29-0F8272D68A11}.Release|Any CPU.Build.0 = Release|Any CPU
		{A6541E84-7028-42AB-8B29-0F8272D68A11}.Debug|x64.ActiveCfg = Debug|x64
		{A6541E84-7028-42AB-8B29-0F8272D68A11}.Debug|x64.Build.0 = Debug|x64
		{A6541E84-7028-42AB-8B29-0F8272D68A11}.Release|x64.ActiveCfg = Release|x64
		{A6541E84-7028-42AB-8B29-0F8272D68A11}.Release|x64.Build.0 = Release|x64
		{A6541E84-7028-42AB-8B29-0F8272D68A11}.Debug|x86.ActiveCfg = Debug|x86
		{A6541E84-7028-42AB-8B29-0F8272D68A11}.Debug|x86.Build.0 = Debug|x86
		{A6541E84-7028-42AB-8B29-0F8272D68A11}.Release|x86.ActiveCfg = Release|x86
		{A6541E84-7028-42AB-8B29-0F8272D68A11}.Release|x86.Build.0 = Release|x86
		{9F8E72FC-1177-4A89-997B-6ACF69A8F5AB}.Debug|Any CPU.ActiveCfg = Debug|Any CPU
		{9F8E72FC-1177-4A89-997B-6ACF69A8F5AB}.Debug|Any CPU.Build.0 = Debug|Any CPU
		{9F8E72FC-1177-4A89-997B-6ACF69A8F5AB}.Release|Any CPU.ActiveCfg = Release|Any CPU
		{9F8E72FC-1177-4A89-997B-6ACF69A8F5AB}.Release|Any CPU.Build.0 = Release|Any CPU
		{9F8E72FC-1177-4A89-997B-6ACF69A8F5AB}.Debug|x64.ActiveCfg = Debug|Any CPU
		{9F8E72FC-1177-4A89-997B-6ACF69A8F5AB}.Debug|x64.Build.0 = Debug|Any CPU
		{9F8E72FC-1177-4A89-997B-6ACF69A8F5AB}.Release|x64.ActiveCfg = Release|Any CPU
		{9F8E72FC-1177-4A89-997B-6ACF69A8F5AB}.Release|x64.Build.0 = Release|Any CPU
		{9F8E72FC-1177-4A89-997B-6ACF69A8F5AB}.Debug|x86.ActiveCfg = Debug|Any CPU
		{9F8E72FC-1177-4A89-997B-6ACF69A8F5AB}.Debug|x86.Build.0 = Debug|Any CPU
		{9F8E72FC-1177-4A89-997B-6ACF69A8F5AB}.Release|x86.ActiveCfg = Release|Any CPU
		{9F8E72FC-1177-4A89-997B-6ACF69A8F5AB}.Release|x86.Build.0 = Release|Any CPU
		{339F9E1D-4A9C-4B2F-A68C-D9687873CC86}.Debug|Any CPU.ActiveCfg = Debug|Any CPU
		{339F9E1D-4A9C-4B2F-A68C-D9687873CC86}.Debug|Any CPU.Build.0 = Debug|Any CPU
		{339F9E1D-4A9C-4B2F-A68C-D9687873CC86}.Release|Any CPU.ActiveCfg = Release|Any CPU
		{339F9E1D-4A9C-4B2F-A68C-D9687873CC86}.Release|Any CPU.Build.0 = Release|Any CPU
		{339F9E1D-4A9C-4B2F-A68C-D9687873CC86}.Debug|x64.ActiveCfg = Debug|x64
		{339F9E1D-4A9C-4B2F-A68C-D9687873CC86}.Debug|x64.Build.0 = Debug|x64
		{339F9E1D-4A9C-4B2F-A68C-D9687873CC86}.Release|x64.ActiveCfg = Release|x64
		{339F9E1D-4A9C-4B2F-A68C-D9687873CC86}.Release|x64.Build.0 = Release|x64
		{339F9E1D-4A9C-4B2F-A68C-D9687873CC86}.Debug|x86.ActiveCfg = Debug|x86
		{339F9E1D-4A9C-4B2F-A68C-D9687873CC86}.Debug|x86.Build.0 = Debug|x86
		{339F9E1D-4A9C-4B2F-A68C-D9687873CC86}.Release|x86.ActiveCfg = Release|x86
		{339F9E1D-4A9C-4B2F-A68C-D9687873CC86}.Release|x86.Build.0 = Release|x86
		{95C5E138-50B1-41B1-9968-FA190936FF53}.Debug|Any CPU.ActiveCfg = Debug|Any CPU
		{95C5E138-50B1-41B1-9968-FA190936FF53}.Debug|Any CPU.Build.0 = Debug|Any CPU
		{95C5E138-50B1-41B1-9968-FA190936FF53}.Release|Any CPU.ActiveCfg = Release|Any CPU
		{95C5E138-50B1-41B1-9968-FA190936FF53}.Release|Any CPU.Build.0 = Release|Any CPU
		{95C5E138-50B1-41B1-9968-FA190936FF53}.Debug|x64.ActiveCfg = Debug|Any CPU
		{95C5E138-50B1-41B1-9968-FA190936FF53}.Debug|x64.Build.0 = Debug|Any CPU
		{95C5E138-50B1-41B1-9968-FA190936FF53}.Release|x64.ActiveCfg = Release|Any CPU
		{95C5E138-50B1-41B1-9968-FA190936FF53}.Release|x64.Build.0 = Release|Any CPU
		{95C5E138-50B1-41B1-9968-FA190936FF53}.Debug|x86.ActiveCfg = Debug|Any CPU
		{95C5E138-50B1-41B1-9968-FA190936FF53}.Debug|x86.Build.0 = Debug|Any CPU
		{95C5E138-50B1-41B1-9968-FA190936FF53}.Release|x86.ActiveCfg = Release|Any CPU
		{95C5E138-50B1-41B1-9968-FA190936FF53}.Release|x86.Build.0 = Release|Any CPU
		{D4444E55-9918-4905-9857-3BC34C7EFEE5}.Debug|Any CPU.ActiveCfg = Debug|Any CPU
		{D4444E55-9918-4905-9857-3BC34C7EFEE5}.Debug|Any CPU.Build.0 = Debug|Any CPU
		{D4444E55-9918-4905-9857-3BC34C7EFEE5}.Release|Any CPU.ActiveCfg = Release|Any CPU
		{D4444E55-9918-4905-9857-3BC34C7EFEE5}.Release|Any CPU.Build.0 = Release|Any CPU
		{D4444E55-9918-4905-9857-3BC34C7EFEE5}.Debug|x64.ActiveCfg = Debug|Any CPU
		{D4444E55-9918-4905-9857-3BC34C7EFEE5}.Debug|x64.Build.0 = Debug|Any CPU
		{D4444E55-9918-4905-9857-3BC34C7EFEE5}.Release|x64.ActiveCfg = Release|Any CPU
		{D4444E55-9918-4905-9857-3BC34C7EFEE5}.Release|x64.Build.0 = Release|Any CPU
		{D4444E55-9918-4905-9857-3BC34C7EFEE5}.Debug|x86.ActiveCfg = Debug|Any CPU
		{D4444E55-9918-4905-9857-3BC34C7EFEE5}.Debug|x86.Build.0 = Debug|Any CPU
		{D4444E55-9918-4905-9857-3BC34C7EFEE5}.Release|x86.ActiveCfg = Release|Any CPU
		{D4444E55-9918-4905-9857-3BC34C7EFEE5}.Release|x86.Build.0 = Release|Any CPU
		{B44CA6E0-B092-4FBA-9C30-EC6576733929}.Debug|Any CPU.ActiveCfg = Debug|Any CPU
		{B44CA6E0-B092-4FBA-9C30-EC6576733929}.Debug|Any CPU.Build.0 = Debug|Any CPU
		{B44CA6E0-B092-4FBA-9C30-EC6576733929}.Release|Any CPU.ActiveCfg = Release|Any CPU
		{B44CA6E0-B092-4FBA-9C30-EC6576733929}.Release|Any CPU.Build.0 = Release|Any CPU
		{B44CA6E0-B092-4FBA-9C30-EC6576733929}.Debug|x64.ActiveCfg = Debug|Any CPU
		{B44CA6E0-B092-4FBA-9C30-EC6576733929}.Debug|x64.Build.0 = Debug|Any CPU
		{B44CA6E0-B092-4FBA-9C30-EC6576733929}.Release|x64.ActiveCfg = Release|Any CPU
		{B44CA6E0-B092-4FBA-9C30-EC6576733929}.Release|x64.Build.0 = Release|Any CPU
		{B44CA6E0-B092-4FBA-9C30-EC6576733929}.Debug|x86.ActiveCfg = Debug|Any CPU
		{B44CA6E0-B092-4FBA-9C30-EC6576733929}.Debug|x86.Build.0 = Debug|Any CPU
		{B44CA6E0-B092-4FBA-9C30-EC6576733929}.Release|x86.ActiveCfg = Release|Any CPU
		{B44CA6E0-B092-4FBA-9C30-EC6576733929}.Release|x86.Build.0 = Release|Any CPU
		{51C50917-9A27-440E-84C7-EFF691B79840}.Debug|Any CPU.ActiveCfg = Debug|Any CPU
		{51C50917-9A27-440E-84C7-EFF691B79840}.Debug|Any CPU.Build.0 = Debug|Any CPU
		{51C50917-9A27-440E-84C7-EFF691B79840}.Release|Any CPU.ActiveCfg = Release|Any CPU
		{51C50917-9A27-440E-84C7-EFF691B79840}.Release|Any CPU.Build.0 = Release|Any CPU
		{51C50917-9A27-440E-84C7-EFF691B79840}.Debug|x64.ActiveCfg = Debug|Any CPU
		{51C50917-9A27-440E-84C7-EFF691B79840}.Debug|x64.Build.0 = Debug|Any CPU
		{51C50917-9A27-440E-84C7-EFF691B79840}.Release|x64.ActiveCfg = Release|Any CPU
		{51C50917-9A27-440E-84C7-EFF691B79840}.Release|x64.Build.0 = Release|Any CPU
		{51C50917-9A27-440E-84C7-EFF691B79840}.Debug|x86.ActiveCfg = Debug|Any CPU
		{51C50917-9A27-440E-84C7-EFF691B79840}.Debug|x86.Build.0 = Debug|Any CPU
		{51C50917-9A27-440E-84C7-EFF691B79840}.Release|x86.ActiveCfg = Release|Any CPU
		{51C50917-9A27-440E-84C7-EFF691B79840}.Release|x86.Build.0 = Release|Any CPU
		{9477CC07-56B8-470A-ADE6-C5F77FDC57D9}.Debug|Any CPU.ActiveCfg = Debug|Any CPU
		{9477CC07-56B8-470A-ADE6-C5F77FDC57D9}.Debug|Any CPU.Build.0 = Debug|Any CPU
		{9477CC07-56B8-470A-ADE6-C5F77FDC57D9}.Release|Any CPU.ActiveCfg = Release|Any CPU
		{9477CC07-56B8-470A-ADE6-C5F77FDC57D9}.Release|Any CPU.Build.0 = Release|Any CPU
		{9477CC07-56B8-470A-ADE6-C5F77FDC57D9}.Debug|x64.ActiveCfg = Debug|Any CPU
		{9477CC07-56B8-470A-ADE6-C5F77FDC57D9}.Debug|x64.Build.0 = Debug|Any CPU
		{9477CC07-56B8-470A-ADE6-C5F77FDC57D9}.Release|x64.ActiveCfg = Release|Any CPU
		{9477CC07-56B8-470A-ADE6-C5F77FDC57D9}.Release|x64.Build.0 = Release|Any CPU
		{9477CC07-56B8-470A-ADE6-C5F77FDC57D9}.Debug|x86.ActiveCfg = Debug|Any CPU
		{9477CC07-56B8-470A-ADE6-C5F77FDC57D9}.Debug|x86.Build.0 = Debug|Any CPU
		{9477CC07-56B8-470A-ADE6-C5F77FDC57D9}.Release|x86.ActiveCfg = Release|Any CPU
		{9477CC07-56B8-470A-ADE6-C5F77FDC57D9}.Release|x86.Build.0 = Release|Any CPU
		{6A462F78-6CAF-4E98-AE4F-6669AE95B70F}.Debug|Any CPU.ActiveCfg = Debug|Any CPU
		{6A462F78-6CAF-4E98-AE4F-6669AE95B70F}.Debug|Any CPU.Build.0 = Debug|Any CPU
		{6A462F78-6CAF-4E98-AE4F-6669AE95B70F}.Release|Any CPU.ActiveCfg = Release|Any CPU
		{6A462F78-6CAF-4E98-AE4F-6669AE95B70F}.Release|Any CPU.Build.0 = Release|Any CPU
		{6A462F78-6CAF-4E98-AE4F-6669AE95B70F}.Debug|x64.ActiveCfg = Debug|Any CPU
		{6A462F78-6CAF-4E98-AE4F-6669AE95B70F}.Debug|x64.Build.0 = Debug|Any CPU
		{6A462F78-6CAF-4E98-AE4F-6669AE95B70F}.Release|x64.ActiveCfg = Release|Any CPU
		{6A462F78-6CAF-4E98-AE4F-6669AE95B70F}.Release|x64.Build.0 = Release|Any CPU
		{6A462F78-6CAF-4E98-AE4F-6669AE95B70F}.Debug|x86.ActiveCfg = Debug|Any CPU
		{6A462F78-6CAF-4E98-AE4F-6669AE95B70F}.Debug|x86.Build.0 = Debug|Any CPU
		{6A462F78-6CAF-4E98-AE4F-6669AE95B70F}.Release|x86.ActiveCfg = Release|Any CPU
		{6A462F78-6CAF-4E98-AE4F-6669AE95B70F}.Release|x86.Build.0 = Release|Any CPU
		{FF2B4444-2CE2-4071-B919-AA0C530980E7}.Debug|Any CPU.ActiveCfg = Debug|Any CPU
		{FF2B4444-2CE2-4071-B919-AA0C530980E7}.Debug|Any CPU.Build.0 = Debug|Any CPU
		{FF2B4444-2CE2-4071-B919-AA0C530980E7}.Release|Any CPU.ActiveCfg = Release|Any CPU
		{FF2B4444-2CE2-4071-B919-AA0C530980E7}.Release|Any CPU.Build.0 = Release|Any CPU
		{FF2B4444-2CE2-4071-B919-AA0C530980E7}.Debug|x64.ActiveCfg = Debug|Any CPU
		{FF2B4444-2CE2-4071-B919-AA0C530980E7}.Debug|x64.Build.0 = Debug|Any CPU
		{FF2B4444-2CE2-4071-B919-AA0C530980E7}.Release|x64.ActiveCfg = Release|Any CPU
		{FF2B4444-2CE2-4071-B919-AA0C530980E7}.Release|x64.Build.0 = Release|Any CPU
		{FF2B4444-2CE2-4071-B919-AA0C530980E7}.Debug|x86.ActiveCfg = Debug|Any CPU
		{FF2B4444-2CE2-4071-B919-AA0C530980E7}.Debug|x86.Build.0 = Debug|Any CPU
		{FF2B4444-2CE2-4071-B919-AA0C530980E7}.Release|x86.ActiveCfg = Release|Any CPU
		{FF2B4444-2CE2-4071-B919-AA0C530980E7}.Release|x86.Build.0 = Release|Any CPU
		{7391C730-6776-4DF1-B645-6FBC85F2C682}.Debug|Any CPU.ActiveCfg = Debug|Any CPU
		{7391C730-6776-4DF1-B645-6FBC85F2C682}.Debug|Any CPU.Build.0 = Debug|Any CPU
		{7391C730-6776-4DF1-B645-6FBC85F2C682}.Release|Any CPU.ActiveCfg = Release|Any CPU
		{7391C730-6776-4DF1-B645-6FBC85F2C682}.Release|Any CPU.Build.0 = Release|Any CPU
		{7391C730-6776-4DF1-B645-6FBC85F2C682}.Debug|x64.ActiveCfg = Debug|Any CPU
		{7391C730-6776-4DF1-B645-6FBC85F2C682}.Debug|x64.Build.0 = Debug|Any CPU
		{7391C730-6776-4DF1-B645-6FBC85F2C682}.Release|x64.ActiveCfg = Release|Any CPU
		{7391C730-6776-4DF1-B645-6FBC85F2C682}.Release|x64.Build.0 = Release|Any CPU
		{7391C730-6776-4DF1-B645-6FBC85F2C682}.Debug|x86.ActiveCfg = Debug|Any CPU
		{7391C730-6776-4DF1-B645-6FBC85F2C682}.Debug|x86.Build.0 = Debug|Any CPU
		{7391C730-6776-4DF1-B645-6FBC85F2C682}.Release|x86.ActiveCfg = Release|Any CPU
		{7391C730-6776-4DF1-B645-6FBC85F2C682}.Release|x86.Build.0 = Release|Any CPU
	EndGlobalSection
	GlobalSection(SolutionProperties) = preSolution
		HideSolutionNode = FALSE
	EndGlobalSection
	GlobalSection(ExtensibilityGlobals) = postSolution
		SolutionGuid = {323F4C4D-92F8-4762-B4A9-7C36462B4964}
	EndGlobalSection
EndGlobal
