
Microsoft Visual Studio Solution File, Format Version 12.00
# Visual Studio Version 16
VisualStudioVersion = 16.0.28803.352
MinimumVisualStudioVersion = 10.0.40219.1
Project("{FAE04EC0-301F-11D3-BF4B-00C04F79EFBC}") = "BIDSSMemLib", "BIDSSMemLib\BIDSSMemLib.csproj", "{D73ADFE9-DA66-454F-873A-B45D2B741A22}"
EndProject
Project("{9A19103F-16F7-4668-BE54-9A1E7A4F7556}") = "BIDSSMemLib.Standard", "BIDSSMemLib.Standard\BIDSSMemLib.Standard.csproj", "{07A49765-69AC-4BE3-A580-3D6F2B3011BF}"
EndProject
Project("{FAE04EC0-301F-11D3-BF4B-00C04F79EFBC}") = "BIDSDataChecker", "BIDSDataChecker\BIDSDataChecker.csproj", "{FB114A5A-6850-4CFE-9A0C-84D39CDDE43E}"
EndProject
Project("{FAE04EC0-301F-11D3-BF4B-00C04F79EFBC}") = "BIDSSMemLib.reader", "BIDSSMemLib.reader\BIDSSMemLib.reader.csproj", "{64158FB0-F424-49A9-A900-416FC3DD3D0C}"
EndProject
Project("{FAE04EC0-301F-11D3-BF4B-00C04F79EFBC}") = "BIDSSMemLib.bve5", "BIDSSMemLib.bve5\BIDSSMemLib.bve5.csproj", "{945ACCAE-60FD-45E6-B589-CFC8098A8DE5}"
EndProject
Project("{FAE04EC0-301F-11D3-BF4B-00C04F79EFBC}") = "BIDSSMemLib.obve", "BIDSSMemLib.obve\BIDSSMemLib.obve.csproj", "{8A1F7F28-D023-4B0B-992A-C7D8FA1666C8}"
EndProject
Project("{9A19103F-16F7-4668-BE54-9A1E7A4F7556}") = "BIDSSMemLib.rw", "BIDSSMemLib.rw\BIDSSMemLib.rw.csproj", "{AE16CC76-B20E-4425-A0C5-FDC24EBACC73}"
EndProject
Project("{FAE04EC0-301F-11D3-BF4B-00C04F79EFBC}") = "BIDSSMemLib.bve5id", "BIDSSMemLib.bve5id\BIDSSMemLib.bve5id.csproj", "{AC5C9AAA-B084-4297-AB37-10CB81E0C299}"
EndProject
Project("{FAE04EC0-301F-11D3-BF4B-00C04F79EFBC}") = "BIDSSMemInputTester", "BIDSSMemInputTester\BIDSSMemInputTester.csproj", "{81E82FFC-F0AE-465C-958C-EADDBC590821}"
EndProject
Project("{FAE04EC0-301F-11D3-BF4B-00C04F79EFBC}") = "BIDSSMemLib.ctrler", "BIDSSMemLib.ctrler\BIDSSMemLib.ctrler.csproj", "{04604F47-737E-467F-838C-F3E523C79546}"
EndProject
Project("{8BC9CEB8-8B4A-11D0-8D11-00A0C91BC942}") = "BIDSSMemLib.CtrlIOpp", "BIDSSMemLib.CtrlIOpp\BIDSSMemLib.CtrlIOpp.vcxproj", "{BBDF0C7E-AF26-4038-B428-8276468E1C86}"
EndProject
Project("{9A19103F-16F7-4668-BE54-9A1E7A4F7556}") = "BIDSSMemLib.structs", "BIDSSMemLib.structs\BIDSSMemLib.structs.csproj", "{8C8917FF-842B-49B2-A9B5-F59AE12F19D6}"
EndProject
Project("{9A19103F-16F7-4668-BE54-9A1E7A4F7556}") = "BIDSSMemLib.CtrlIOcs", "BIDSSMemLib.CtrlIOcs\BIDSSMemLib.CtrlIOcs.csproj", "{CC54107A-9AAC-4396-912D-7AF81C3571B0}"
EndProject
Project("{9A19103F-16F7-4668-BE54-9A1E7A4F7556}") = "IAtsPI", "..\..\..\source\repos\IAtsPI\IAtsPI.csproj", "{96F39EAE-F957-4607-8169-859D38FCC5D1}"
EndProject
Project("{FAE04EC0-301F-11D3-BF4B-00C04F79EFBC}") = "BIDSSMemLib.local", "BIDSSMemLib.local\BIDSSMemLib.local.csproj", "{ACE99900-7CB3-42AC-8FCF-7F695657D4B8}"
EndProject
Global
	GlobalSection(SolutionConfigurationPlatforms) = preSolution
		Debug|Any CPU = Debug|Any CPU
		Debug|ATSPI = Debug|ATSPI
		Debug|x64 = Debug|x64
		Debug|x86 = Debug|x86
		Release|Any CPU = Release|Any CPU
		Release|ATSPI = Release|ATSPI
		Release|x64 = Release|x64
		Release|x86 = Release|x86
	EndGlobalSection
	GlobalSection(ProjectConfigurationPlatforms) = postSolution
		{D73ADFE9-DA66-454F-873A-B45D2B741A22}.Debug|Any CPU.ActiveCfg = Debug|Any CPU
		{D73ADFE9-DA66-454F-873A-B45D2B741A22}.Debug|Any CPU.Build.0 = Debug|Any CPU
		{D73ADFE9-DA66-454F-873A-B45D2B741A22}.Debug|ATSPI.ActiveCfg = Debug|x86
		{D73ADFE9-DA66-454F-873A-B45D2B741A22}.Debug|ATSPI.Build.0 = Debug|x86
		{D73ADFE9-DA66-454F-873A-B45D2B741A22}.Debug|x64.ActiveCfg = Debug|Any CPU
		{D73ADFE9-DA66-454F-873A-B45D2B741A22}.Debug|x64.Build.0 = Debug|Any CPU
		{D73ADFE9-DA66-454F-873A-B45D2B741A22}.Debug|x86.ActiveCfg = Debug|x86
		{D73ADFE9-DA66-454F-873A-B45D2B741A22}.Debug|x86.Build.0 = Debug|x86
		{D73ADFE9-DA66-454F-873A-B45D2B741A22}.Release|Any CPU.ActiveCfg = Release|Any CPU
		{D73ADFE9-DA66-454F-873A-B45D2B741A22}.Release|Any CPU.Build.0 = Release|Any CPU
		{D73ADFE9-DA66-454F-873A-B45D2B741A22}.Release|ATSPI.ActiveCfg = Release|x86
		{D73ADFE9-DA66-454F-873A-B45D2B741A22}.Release|ATSPI.Build.0 = Release|x86
		{D73ADFE9-DA66-454F-873A-B45D2B741A22}.Release|x64.ActiveCfg = Release|Any CPU
		{D73ADFE9-DA66-454F-873A-B45D2B741A22}.Release|x64.Build.0 = Release|Any CPU
		{D73ADFE9-DA66-454F-873A-B45D2B741A22}.Release|x86.ActiveCfg = Release|x86
		{D73ADFE9-DA66-454F-873A-B45D2B741A22}.Release|x86.Build.0 = Release|x86
		{07A49765-69AC-4BE3-A580-3D6F2B3011BF}.Debug|Any CPU.ActiveCfg = Debug|Any CPU
		{07A49765-69AC-4BE3-A580-3D6F2B3011BF}.Debug|Any CPU.Build.0 = Debug|Any CPU
		{07A49765-69AC-4BE3-A580-3D6F2B3011BF}.Debug|ATSPI.ActiveCfg = Debug|Any CPU
		{07A49765-69AC-4BE3-A580-3D6F2B3011BF}.Debug|x64.ActiveCfg = Debug|Any CPU
		{07A49765-69AC-4BE3-A580-3D6F2B3011BF}.Debug|x64.Build.0 = Debug|Any CPU
		{07A49765-69AC-4BE3-A580-3D6F2B3011BF}.Debug|x86.ActiveCfg = Debug|x86
		{07A49765-69AC-4BE3-A580-3D6F2B3011BF}.Debug|x86.Build.0 = Debug|x86
		{07A49765-69AC-4BE3-A580-3D6F2B3011BF}.Release|Any CPU.ActiveCfg = Release|Any CPU
		{07A49765-69AC-4BE3-A580-3D6F2B3011BF}.Release|Any CPU.Build.0 = Release|Any CPU
		{07A49765-69AC-4BE3-A580-3D6F2B3011BF}.Release|ATSPI.ActiveCfg = Release|Any CPU
		{07A49765-69AC-4BE3-A580-3D6F2B3011BF}.Release|x64.ActiveCfg = Release|Any CPU
		{07A49765-69AC-4BE3-A580-3D6F2B3011BF}.Release|x64.Build.0 = Release|Any CPU
		{07A49765-69AC-4BE3-A580-3D6F2B3011BF}.Release|x86.ActiveCfg = Release|x86
		{07A49765-69AC-4BE3-A580-3D6F2B3011BF}.Release|x86.Build.0 = Release|x86
		{FB114A5A-6850-4CFE-9A0C-84D39CDDE43E}.Debug|Any CPU.ActiveCfg = Debug|Any CPU
		{FB114A5A-6850-4CFE-9A0C-84D39CDDE43E}.Debug|Any CPU.Build.0 = Debug|Any CPU
		{FB114A5A-6850-4CFE-9A0C-84D39CDDE43E}.Debug|ATSPI.ActiveCfg = Debug|Any CPU
		{FB114A5A-6850-4CFE-9A0C-84D39CDDE43E}.Debug|x64.ActiveCfg = Debug|Any CPU
		{FB114A5A-6850-4CFE-9A0C-84D39CDDE43E}.Debug|x64.Build.0 = Debug|Any CPU
		{FB114A5A-6850-4CFE-9A0C-84D39CDDE43E}.Debug|x86.ActiveCfg = Debug|Any CPU
		{FB114A5A-6850-4CFE-9A0C-84D39CDDE43E}.Debug|x86.Build.0 = Debug|Any CPU
		{FB114A5A-6850-4CFE-9A0C-84D39CDDE43E}.Release|Any CPU.ActiveCfg = Release|Any CPU
		{FB114A5A-6850-4CFE-9A0C-84D39CDDE43E}.Release|Any CPU.Build.0 = Release|Any CPU
		{FB114A5A-6850-4CFE-9A0C-84D39CDDE43E}.Release|ATSPI.ActiveCfg = Release|Any CPU
		{FB114A5A-6850-4CFE-9A0C-84D39CDDE43E}.Release|x64.ActiveCfg = Release|Any CPU
		{FB114A5A-6850-4CFE-9A0C-84D39CDDE43E}.Release|x64.Build.0 = Release|Any CPU
		{FB114A5A-6850-4CFE-9A0C-84D39CDDE43E}.Release|x86.ActiveCfg = Release|Any CPU
		{FB114A5A-6850-4CFE-9A0C-84D39CDDE43E}.Release|x86.Build.0 = Release|Any CPU
		{64158FB0-F424-49A9-A900-416FC3DD3D0C}.Debug|Any CPU.ActiveCfg = Debug|Any CPU
		{64158FB0-F424-49A9-A900-416FC3DD3D0C}.Debug|Any CPU.Build.0 = Debug|Any CPU
		{64158FB0-F424-49A9-A900-416FC3DD3D0C}.Debug|ATSPI.ActiveCfg = Debug|Any CPU
		{64158FB0-F424-49A9-A900-416FC3DD3D0C}.Debug|x64.ActiveCfg = Debug|Any CPU
		{64158FB0-F424-49A9-A900-416FC3DD3D0C}.Debug|x64.Build.0 = Debug|Any CPU
		{64158FB0-F424-49A9-A900-416FC3DD3D0C}.Debug|x86.ActiveCfg = Debug|Any CPU
		{64158FB0-F424-49A9-A900-416FC3DD3D0C}.Debug|x86.Build.0 = Debug|Any CPU
		{64158FB0-F424-49A9-A900-416FC3DD3D0C}.Release|Any CPU.ActiveCfg = Release|Any CPU
		{64158FB0-F424-49A9-A900-416FC3DD3D0C}.Release|Any CPU.Build.0 = Release|Any CPU
		{64158FB0-F424-49A9-A900-416FC3DD3D0C}.Release|ATSPI.ActiveCfg = Release|Any CPU
		{64158FB0-F424-49A9-A900-416FC3DD3D0C}.Release|x64.ActiveCfg = Release|Any CPU
		{64158FB0-F424-49A9-A900-416FC3DD3D0C}.Release|x64.Build.0 = Release|Any CPU
		{64158FB0-F424-49A9-A900-416FC3DD3D0C}.Release|x86.ActiveCfg = Release|Any CPU
		{64158FB0-F424-49A9-A900-416FC3DD3D0C}.Release|x86.Build.0 = Release|Any CPU
		{945ACCAE-60FD-45E6-B589-CFC8098A8DE5}.Debug|Any CPU.ActiveCfg = Debug|x86
		{945ACCAE-60FD-45E6-B589-CFC8098A8DE5}.Debug|Any CPU.Build.0 = Debug|x86
		{945ACCAE-60FD-45E6-B589-CFC8098A8DE5}.Debug|ATSPI.ActiveCfg = Debug|x86
		{945ACCAE-60FD-45E6-B589-CFC8098A8DE5}.Debug|x64.ActiveCfg = Debug|x86
		{945ACCAE-60FD-45E6-B589-CFC8098A8DE5}.Debug|x86.ActiveCfg = Debug|x86
		{945ACCAE-60FD-45E6-B589-CFC8098A8DE5}.Debug|x86.Build.0 = Debug|x86
		{945ACCAE-60FD-45E6-B589-CFC8098A8DE5}.Release|Any CPU.ActiveCfg = Release|x86
		{945ACCAE-60FD-45E6-B589-CFC8098A8DE5}.Release|Any CPU.Build.0 = Release|x86
		{945ACCAE-60FD-45E6-B589-CFC8098A8DE5}.Release|ATSPI.ActiveCfg = Release|x86
		{945ACCAE-60FD-45E6-B589-CFC8098A8DE5}.Release|x64.ActiveCfg = Release|x86
		{945ACCAE-60FD-45E6-B589-CFC8098A8DE5}.Release|x86.ActiveCfg = Release|x86
		{945ACCAE-60FD-45E6-B589-CFC8098A8DE5}.Release|x86.Build.0 = Release|x86
		{8A1F7F28-D023-4B0B-992A-C7D8FA1666C8}.Debug|Any CPU.ActiveCfg = Debug|Any CPU
		{8A1F7F28-D023-4B0B-992A-C7D8FA1666C8}.Debug|Any CPU.Build.0 = Debug|Any CPU
		{8A1F7F28-D023-4B0B-992A-C7D8FA1666C8}.Debug|ATSPI.ActiveCfg = Debug|Any CPU
		{8A1F7F28-D023-4B0B-992A-C7D8FA1666C8}.Debug|ATSPI.Build.0 = Debug|Any CPU
		{8A1F7F28-D023-4B0B-992A-C7D8FA1666C8}.Debug|x64.ActiveCfg = Debug|Any CPU
		{8A1F7F28-D023-4B0B-992A-C7D8FA1666C8}.Debug|x64.Build.0 = Debug|Any CPU
		{8A1F7F28-D023-4B0B-992A-C7D8FA1666C8}.Debug|x86.ActiveCfg = Debug|Any CPU
		{8A1F7F28-D023-4B0B-992A-C7D8FA1666C8}.Debug|x86.Build.0 = Debug|Any CPU
		{8A1F7F28-D023-4B0B-992A-C7D8FA1666C8}.Release|Any CPU.ActiveCfg = Release|Any CPU
		{8A1F7F28-D023-4B0B-992A-C7D8FA1666C8}.Release|Any CPU.Build.0 = Release|Any CPU
		{8A1F7F28-D023-4B0B-992A-C7D8FA1666C8}.Release|ATSPI.ActiveCfg = Release|Any CPU
		{8A1F7F28-D023-4B0B-992A-C7D8FA1666C8}.Release|ATSPI.Build.0 = Release|Any CPU
		{8A1F7F28-D023-4B0B-992A-C7D8FA1666C8}.Release|x64.ActiveCfg = Release|Any CPU
		{8A1F7F28-D023-4B0B-992A-C7D8FA1666C8}.Release|x64.Build.0 = Release|Any CPU
		{8A1F7F28-D023-4B0B-992A-C7D8FA1666C8}.Release|x86.ActiveCfg = Release|Any CPU
		{8A1F7F28-D023-4B0B-992A-C7D8FA1666C8}.Release|x86.Build.0 = Release|Any CPU
		{AE16CC76-B20E-4425-A0C5-FDC24EBACC73}.Debug|Any CPU.ActiveCfg = Debug|Any CPU
		{AE16CC76-B20E-4425-A0C5-FDC24EBACC73}.Debug|Any CPU.Build.0 = Debug|Any CPU
		{AE16CC76-B20E-4425-A0C5-FDC24EBACC73}.Debug|ATSPI.ActiveCfg = Debug|Any CPU
		{AE16CC76-B20E-4425-A0C5-FDC24EBACC73}.Debug|ATSPI.Build.0 = Debug|Any CPU
		{AE16CC76-B20E-4425-A0C5-FDC24EBACC73}.Debug|x64.ActiveCfg = Debug|Any CPU
		{AE16CC76-B20E-4425-A0C5-FDC24EBACC73}.Debug|x64.Build.0 = Debug|Any CPU
		{AE16CC76-B20E-4425-A0C5-FDC24EBACC73}.Debug|x86.ActiveCfg = Debug|Any CPU
		{AE16CC76-B20E-4425-A0C5-FDC24EBACC73}.Debug|x86.Build.0 = Debug|Any CPU
		{AE16CC76-B20E-4425-A0C5-FDC24EBACC73}.Release|Any CPU.ActiveCfg = Release|Any CPU
		{AE16CC76-B20E-4425-A0C5-FDC24EBACC73}.Release|Any CPU.Build.0 = Release|Any CPU
		{AE16CC76-B20E-4425-A0C5-FDC24EBACC73}.Release|ATSPI.ActiveCfg = Release|Any CPU
		{AE16CC76-B20E-4425-A0C5-FDC24EBACC73}.Release|ATSPI.Build.0 = Release|Any CPU
		{AE16CC76-B20E-4425-A0C5-FDC24EBACC73}.Release|x64.ActiveCfg = Release|Any CPU
		{AE16CC76-B20E-4425-A0C5-FDC24EBACC73}.Release|x64.Build.0 = Release|Any CPU
		{AE16CC76-B20E-4425-A0C5-FDC24EBACC73}.Release|x86.ActiveCfg = Release|Any CPU
		{AE16CC76-B20E-4425-A0C5-FDC24EBACC73}.Release|x86.Build.0 = Release|Any CPU
		{AC5C9AAA-B084-4297-AB37-10CB81E0C299}.Debug|Any CPU.ActiveCfg = Debug|Any CPU
		{AC5C9AAA-B084-4297-AB37-10CB81E0C299}.Debug|Any CPU.Build.0 = Debug|Any CPU
		{AC5C9AAA-B084-4297-AB37-10CB81E0C299}.Debug|ATSPI.ActiveCfg = Debug|Any CPU
		{AC5C9AAA-B084-4297-AB37-10CB81E0C299}.Debug|ATSPI.Build.0 = Debug|Any CPU
		{AC5C9AAA-B084-4297-AB37-10CB81E0C299}.Debug|x64.ActiveCfg = Debug|Any CPU
		{AC5C9AAA-B084-4297-AB37-10CB81E0C299}.Debug|x64.Build.0 = Debug|Any CPU
		{AC5C9AAA-B084-4297-AB37-10CB81E0C299}.Debug|x86.ActiveCfg = Debug|Any CPU
		{AC5C9AAA-B084-4297-AB37-10CB81E0C299}.Debug|x86.Build.0 = Debug|Any CPU
		{AC5C9AAA-B084-4297-AB37-10CB81E0C299}.Release|Any CPU.ActiveCfg = Release|Any CPU
		{AC5C9AAA-B084-4297-AB37-10CB81E0C299}.Release|Any CPU.Build.0 = Release|Any CPU
		{AC5C9AAA-B084-4297-AB37-10CB81E0C299}.Release|ATSPI.ActiveCfg = Release|Any CPU
		{AC5C9AAA-B084-4297-AB37-10CB81E0C299}.Release|ATSPI.Build.0 = Release|Any CPU
		{AC5C9AAA-B084-4297-AB37-10CB81E0C299}.Release|x64.ActiveCfg = Release|Any CPU
		{AC5C9AAA-B084-4297-AB37-10CB81E0C299}.Release|x64.Build.0 = Release|Any CPU
		{AC5C9AAA-B084-4297-AB37-10CB81E0C299}.Release|x86.ActiveCfg = Release|Any CPU
		{AC5C9AAA-B084-4297-AB37-10CB81E0C299}.Release|x86.Build.0 = Release|Any CPU
		{81E82FFC-F0AE-465C-958C-EADDBC590821}.Debug|Any CPU.ActiveCfg = Debug|Any CPU
		{81E82FFC-F0AE-465C-958C-EADDBC590821}.Debug|Any CPU.Build.0 = Debug|Any CPU
		{81E82FFC-F0AE-465C-958C-EADDBC590821}.Debug|ATSPI.ActiveCfg = Debug|Any CPU
		{81E82FFC-F0AE-465C-958C-EADDBC590821}.Debug|ATSPI.Build.0 = Debug|Any CPU
		{81E82FFC-F0AE-465C-958C-EADDBC590821}.Debug|x64.ActiveCfg = Debug|Any CPU
		{81E82FFC-F0AE-465C-958C-EADDBC590821}.Debug|x64.Build.0 = Debug|Any CPU
		{81E82FFC-F0AE-465C-958C-EADDBC590821}.Debug|x86.ActiveCfg = Debug|Any CPU
		{81E82FFC-F0AE-465C-958C-EADDBC590821}.Debug|x86.Build.0 = Debug|Any CPU
		{81E82FFC-F0AE-465C-958C-EADDBC590821}.Release|Any CPU.ActiveCfg = Release|Any CPU
		{81E82FFC-F0AE-465C-958C-EADDBC590821}.Release|Any CPU.Build.0 = Release|Any CPU
		{81E82FFC-F0AE-465C-958C-EADDBC590821}.Release|ATSPI.ActiveCfg = Release|Any CPU
		{81E82FFC-F0AE-465C-958C-EADDBC590821}.Release|ATSPI.Build.0 = Release|Any CPU
		{81E82FFC-F0AE-465C-958C-EADDBC590821}.Release|x64.ActiveCfg = Release|Any CPU
		{81E82FFC-F0AE-465C-958C-EADDBC590821}.Release|x64.Build.0 = Release|Any CPU
		{81E82FFC-F0AE-465C-958C-EADDBC590821}.Release|x86.ActiveCfg = Release|Any CPU
		{81E82FFC-F0AE-465C-958C-EADDBC590821}.Release|x86.Build.0 = Release|Any CPU
		{04604F47-737E-467F-838C-F3E523C79546}.Debug|Any CPU.ActiveCfg = Debug|Any CPU
		{04604F47-737E-467F-838C-F3E523C79546}.Debug|Any CPU.Build.0 = Debug|Any CPU
		{04604F47-737E-467F-838C-F3E523C79546}.Debug|ATSPI.ActiveCfg = Debug|Any CPU
		{04604F47-737E-467F-838C-F3E523C79546}.Debug|ATSPI.Build.0 = Debug|Any CPU
		{04604F47-737E-467F-838C-F3E523C79546}.Debug|x64.ActiveCfg = Debug|Any CPU
		{04604F47-737E-467F-838C-F3E523C79546}.Debug|x64.Build.0 = Debug|Any CPU
		{04604F47-737E-467F-838C-F3E523C79546}.Debug|x86.ActiveCfg = Debug|Any CPU
		{04604F47-737E-467F-838C-F3E523C79546}.Debug|x86.Build.0 = Debug|Any CPU
		{04604F47-737E-467F-838C-F3E523C79546}.Release|Any CPU.ActiveCfg = Release|Any CPU
		{04604F47-737E-467F-838C-F3E523C79546}.Release|Any CPU.Build.0 = Release|Any CPU
		{04604F47-737E-467F-838C-F3E523C79546}.Release|ATSPI.ActiveCfg = Release|Any CPU
		{04604F47-737E-467F-838C-F3E523C79546}.Release|ATSPI.Build.0 = Release|Any CPU
		{04604F47-737E-467F-838C-F3E523C79546}.Release|x64.ActiveCfg = Release|Any CPU
		{04604F47-737E-467F-838C-F3E523C79546}.Release|x64.Build.0 = Release|Any CPU
		{04604F47-737E-467F-838C-F3E523C79546}.Release|x86.ActiveCfg = Release|Any CPU
		{04604F47-737E-467F-838C-F3E523C79546}.Release|x86.Build.0 = Release|Any CPU
		{BBDF0C7E-AF26-4038-B428-8276468E1C86}.Debug|Any CPU.ActiveCfg = Debug|Win32
		{BBDF0C7E-AF26-4038-B428-8276468E1C86}.Debug|ATSPI.ActiveCfg = Debug|Win32
		{BBDF0C7E-AF26-4038-B428-8276468E1C86}.Debug|x64.ActiveCfg = Debug|x64
		{BBDF0C7E-AF26-4038-B428-8276468E1C86}.Debug|x64.Build.0 = Debug|x64
		{BBDF0C7E-AF26-4038-B428-8276468E1C86}.Debug|x86.ActiveCfg = Debug|Win32
		{BBDF0C7E-AF26-4038-B428-8276468E1C86}.Debug|x86.Build.0 = Debug|Win32
		{BBDF0C7E-AF26-4038-B428-8276468E1C86}.Release|Any CPU.ActiveCfg = Release|Win32
		{BBDF0C7E-AF26-4038-B428-8276468E1C86}.Release|ATSPI.ActiveCfg = Release|Win32
		{BBDF0C7E-AF26-4038-B428-8276468E1C86}.Release|x64.ActiveCfg = Release|x64
		{BBDF0C7E-AF26-4038-B428-8276468E1C86}.Release|x64.Build.0 = Release|x64
		{BBDF0C7E-AF26-4038-B428-8276468E1C86}.Release|x86.ActiveCfg = Release|Win32
		{BBDF0C7E-AF26-4038-B428-8276468E1C86}.Release|x86.Build.0 = Release|Win32
		{8C8917FF-842B-49B2-A9B5-F59AE12F19D6}.Debug|Any CPU.ActiveCfg = Debug|Any CPU
		{8C8917FF-842B-49B2-A9B5-F59AE12F19D6}.Debug|Any CPU.Build.0 = Debug|Any CPU
		{8C8917FF-842B-49B2-A9B5-F59AE12F19D6}.Debug|ATSPI.ActiveCfg = Debug|Any CPU
		{8C8917FF-842B-49B2-A9B5-F59AE12F19D6}.Debug|ATSPI.Build.0 = Debug|Any CPU
		{8C8917FF-842B-49B2-A9B5-F59AE12F19D6}.Debug|x64.ActiveCfg = Debug|Any CPU
		{8C8917FF-842B-49B2-A9B5-F59AE12F19D6}.Debug|x64.Build.0 = Debug|Any CPU
		{8C8917FF-842B-49B2-A9B5-F59AE12F19D6}.Debug|x86.ActiveCfg = Debug|Any CPU
		{8C8917FF-842B-49B2-A9B5-F59AE12F19D6}.Debug|x86.Build.0 = Debug|Any CPU
		{8C8917FF-842B-49B2-A9B5-F59AE12F19D6}.Release|Any CPU.ActiveCfg = Release|Any CPU
		{8C8917FF-842B-49B2-A9B5-F59AE12F19D6}.Release|Any CPU.Build.0 = Release|Any CPU
		{8C8917FF-842B-49B2-A9B5-F59AE12F19D6}.Release|ATSPI.ActiveCfg = Release|Any CPU
		{8C8917FF-842B-49B2-A9B5-F59AE12F19D6}.Release|ATSPI.Build.0 = Release|Any CPU
		{8C8917FF-842B-49B2-A9B5-F59AE12F19D6}.Release|x64.ActiveCfg = Release|Any CPU
		{8C8917FF-842B-49B2-A9B5-F59AE12F19D6}.Release|x64.Build.0 = Release|Any CPU
		{8C8917FF-842B-49B2-A9B5-F59AE12F19D6}.Release|x86.ActiveCfg = Release|Any CPU
		{8C8917FF-842B-49B2-A9B5-F59AE12F19D6}.Release|x86.Build.0 = Release|Any CPU
		{CC54107A-9AAC-4396-912D-7AF81C3571B0}.Debug|Any CPU.ActiveCfg = Debug|Any CPU
		{CC54107A-9AAC-4396-912D-7AF81C3571B0}.Debug|Any CPU.Build.0 = Debug|Any CPU
		{CC54107A-9AAC-4396-912D-7AF81C3571B0}.Debug|ATSPI.ActiveCfg = Debug|Any CPU
		{CC54107A-9AAC-4396-912D-7AF81C3571B0}.Debug|ATSPI.Build.0 = Debug|Any CPU
		{CC54107A-9AAC-4396-912D-7AF81C3571B0}.Debug|x64.ActiveCfg = Debug|Any CPU
		{CC54107A-9AAC-4396-912D-7AF81C3571B0}.Debug|x64.Build.0 = Debug|Any CPU
		{CC54107A-9AAC-4396-912D-7AF81C3571B0}.Debug|x86.ActiveCfg = Debug|Any CPU
		{CC54107A-9AAC-4396-912D-7AF81C3571B0}.Debug|x86.Build.0 = Debug|Any CPU
		{CC54107A-9AAC-4396-912D-7AF81C3571B0}.Release|Any CPU.ActiveCfg = Release|Any CPU
		{CC54107A-9AAC-4396-912D-7AF81C3571B0}.Release|Any CPU.Build.0 = Release|Any CPU
		{CC54107A-9AAC-4396-912D-7AF81C3571B0}.Release|ATSPI.ActiveCfg = Release|Any CPU
		{CC54107A-9AAC-4396-912D-7AF81C3571B0}.Release|ATSPI.Build.0 = Release|Any CPU
		{CC54107A-9AAC-4396-912D-7AF81C3571B0}.Release|x64.ActiveCfg = Release|Any CPU
		{CC54107A-9AAC-4396-912D-7AF81C3571B0}.Release|x64.Build.0 = Release|Any CPU
		{CC54107A-9AAC-4396-912D-7AF81C3571B0}.Release|x86.ActiveCfg = Release|Any CPU
		{CC54107A-9AAC-4396-912D-7AF81C3571B0}.Release|x86.Build.0 = Release|Any CPU
		{96F39EAE-F957-4607-8169-859D38FCC5D1}.Debug|Any CPU.ActiveCfg = Debug|Any CPU
		{96F39EAE-F957-4607-8169-859D38FCC5D1}.Debug|Any CPU.Build.0 = Debug|Any CPU
		{96F39EAE-F957-4607-8169-859D38FCC5D1}.Debug|ATSPI.ActiveCfg = Debug|Any CPU
		{96F39EAE-F957-4607-8169-859D38FCC5D1}.Debug|ATSPI.Build.0 = Debug|Any CPU
		{96F39EAE-F957-4607-8169-859D38FCC5D1}.Debug|x64.ActiveCfg = Debug|Any CPU
		{96F39EAE-F957-4607-8169-859D38FCC5D1}.Debug|x64.Build.0 = Debug|Any CPU
		{96F39EAE-F957-4607-8169-859D38FCC5D1}.Debug|x86.ActiveCfg = Debug|Any CPU
		{96F39EAE-F957-4607-8169-859D38FCC5D1}.Debug|x86.Build.0 = Debug|Any CPU
		{96F39EAE-F957-4607-8169-859D38FCC5D1}.Release|Any CPU.ActiveCfg = Release|Any CPU
		{96F39EAE-F957-4607-8169-859D38FCC5D1}.Release|Any CPU.Build.0 = Release|Any CPU
		{96F39EAE-F957-4607-8169-859D38FCC5D1}.Release|ATSPI.ActiveCfg = Release|Any CPU
		{96F39EAE-F957-4607-8169-859D38FCC5D1}.Release|ATSPI.Build.0 = Release|Any CPU
		{96F39EAE-F957-4607-8169-859D38FCC5D1}.Release|x64.ActiveCfg = Release|Any CPU
		{96F39EAE-F957-4607-8169-859D38FCC5D1}.Release|x64.Build.0 = Release|Any CPU
		{96F39EAE-F957-4607-8169-859D38FCC5D1}.Release|x86.ActiveCfg = Release|Any CPU
		{96F39EAE-F957-4607-8169-859D38FCC5D1}.Release|x86.Build.0 = Release|Any CPU
		{ACE99900-7CB3-42AC-8FCF-7F695657D4B8}.Debug|Any CPU.ActiveCfg = Debug|Any CPU
		{ACE99900-7CB3-42AC-8FCF-7F695657D4B8}.Debug|Any CPU.Build.0 = Debug|Any CPU
		{ACE99900-7CB3-42AC-8FCF-7F695657D4B8}.Debug|ATSPI.ActiveCfg = Debug|Any CPU
		{ACE99900-7CB3-42AC-8FCF-7F695657D4B8}.Debug|ATSPI.Build.0 = Debug|Any CPU
		{ACE99900-7CB3-42AC-8FCF-7F695657D4B8}.Debug|x64.ActiveCfg = Debug|Any CPU
		{ACE99900-7CB3-42AC-8FCF-7F695657D4B8}.Debug|x64.Build.0 = Debug|Any CPU
		{ACE99900-7CB3-42AC-8FCF-7F695657D4B8}.Debug|x86.ActiveCfg = Debug|Any CPU
		{ACE99900-7CB3-42AC-8FCF-7F695657D4B8}.Debug|x86.Build.0 = Debug|Any CPU
		{ACE99900-7CB3-42AC-8FCF-7F695657D4B8}.Release|Any CPU.ActiveCfg = Release|Any CPU
		{ACE99900-7CB3-42AC-8FCF-7F695657D4B8}.Release|Any CPU.Build.0 = Release|Any CPU
		{ACE99900-7CB3-42AC-8FCF-7F695657D4B8}.Release|ATSPI.ActiveCfg = Release|Any CPU
		{ACE99900-7CB3-42AC-8FCF-7F695657D4B8}.Release|ATSPI.Build.0 = Release|Any CPU
		{ACE99900-7CB3-42AC-8FCF-7F695657D4B8}.Release|x64.ActiveCfg = Release|Any CPU
		{ACE99900-7CB3-42AC-8FCF-7F695657D4B8}.Release|x64.Build.0 = Release|Any CPU
		{ACE99900-7CB3-42AC-8FCF-7F695657D4B8}.Release|x86.ActiveCfg = Release|Any CPU
		{ACE99900-7CB3-42AC-8FCF-7F695657D4B8}.Release|x86.Build.0 = Release|Any CPU
	EndGlobalSection
	GlobalSection(SolutionProperties) = preSolution
		HideSolutionNode = FALSE
	EndGlobalSection
	GlobalSection(ExtensibilityGlobals) = postSolution
		SolutionGuid = {9AF7BBFB-B25C-422C-802E-2D8E77898CB2}
	EndGlobalSection
EndGlobal
