
Microsoft Visual Studio Solution File, Format Version 12.00
# Visual Studio Version 16
VisualStudioVersion = 16.0.28803.352
MinimumVisualStudioVersion = 10.0.40219.1
Project("{FAE04EC0-301F-11D3-BF4B-00C04F79EFBC}") = "BIDSSMemLib", "BIDSSMemLib\BIDSSMemLib.csproj", "{D73ADFE9-DA66-454F-873A-B45D2B741A22}"
EndProject
Project("{FAE04EC0-301F-11D3-BF4B-00C04F79EFBC}") = "BIDSDataChecker", "BIDSDataChecker\BIDSDataChecker.csproj", "{FB114A5A-6850-4CFE-9A0C-84D39CDDE43E}"
EndProject
Project("{9A19103F-16F7-4668-BE54-9A1E7A4F7556}") = "BIDSSMemLib.bve5", "BIDSSMemLib.bve5\BIDSSMemLib.bve5.csproj", "{945ACCAE-60FD-45E6-B589-CFC8098A8DE5}"
EndProject
Project("{FAE04EC0-301F-11D3-BF4B-00C04F79EFBC}") = "BIDSSMemLib.obve", "BIDSSMemLib.obve\BIDSSMemLib.obve.csproj", "{8A1F7F28-D023-4B0B-992A-C7D8FA1666C8}"
EndProject
Project("{9A19103F-16F7-4668-BE54-9A1E7A4F7556}") = "BIDSSMemLib.rw", "BIDSSMemLib.rw\BIDSSMemLib.rw.csproj", "{AE16CC76-B20E-4425-A0C5-FDC24EBACC73}"
EndProject
Project("{FAE04EC0-301F-11D3-BF4B-00C04F79EFBC}") = "BIDSSMemInputTester", "BIDSSMemInputTester\BIDSSMemInputTester.csproj", "{81E82FFC-F0AE-465C-958C-EADDBC590821}"
EndProject
Project("{9A19103F-16F7-4668-BE54-9A1E7A4F7556}") = "BIDSSMemLib.structs", "BIDSSMemLib.structs\BIDSSMemLib.structs.csproj", "{8C8917FF-842B-49B2-A9B5-F59AE12F19D6}"
EndProject
Project("{9A19103F-16F7-4668-BE54-9A1E7A4F7556}") = "TR.SMemIF", "TR.SMemIF\TR.SMemIF.csproj", "{152244BE-DD74-4CEF-853A-D4443109119F}"
EndProject
Project("{9A19103F-16F7-4668-BE54-9A1E7A4F7556}") = "TR.SMemCtrler", "TR.SMemCtrler\TR.SMemCtrler.csproj", "{AD42A25D-330C-4DC5-8591-71AA84219DB9}"
EndProject
Global
	GlobalSection(SolutionConfigurationPlatforms) = preSolution
		Debug|Any CPU = Debug|Any CPU
		Debug|x64 = Debug|x64
		Debug|x86 = Debug|x86
		Release|Any CPU = Release|Any CPU
		Release|x64 = Release|x64
		Release|x86 = Release|x86
	EndGlobalSection
	GlobalSection(ProjectConfigurationPlatforms) = postSolution
		{D73ADFE9-DA66-454F-873A-B45D2B741A22}.Debug|Any CPU.ActiveCfg = Debug|Any CPU
		{D73ADFE9-DA66-454F-873A-B45D2B741A22}.Debug|Any CPU.Build.0 = Debug|Any CPU
		{D73ADFE9-DA66-454F-873A-B45D2B741A22}.Debug|x64.ActiveCfg = Debug|x64
		{D73ADFE9-DA66-454F-873A-B45D2B741A22}.Debug|x64.Build.0 = Debug|x64
		{D73ADFE9-DA66-454F-873A-B45D2B741A22}.Debug|x86.ActiveCfg = Debug|x86
		{D73ADFE9-DA66-454F-873A-B45D2B741A22}.Debug|x86.Build.0 = Debug|x86
		{D73ADFE9-DA66-454F-873A-B45D2B741A22}.Release|Any CPU.ActiveCfg = Release|Any CPU
		{D73ADFE9-DA66-454F-873A-B45D2B741A22}.Release|Any CPU.Build.0 = Release|Any CPU
		{D73ADFE9-DA66-454F-873A-B45D2B741A22}.Release|x64.ActiveCfg = Release|x64
		{D73ADFE9-DA66-454F-873A-B45D2B741A22}.Release|x64.Build.0 = Release|x64
		{D73ADFE9-DA66-454F-873A-B45D2B741A22}.Release|x86.ActiveCfg = Release|x86
		{D73ADFE9-DA66-454F-873A-B45D2B741A22}.Release|x86.Build.0 = Release|x86
		{FB114A5A-6850-4CFE-9A0C-84D39CDDE43E}.Debug|Any CPU.ActiveCfg = Debug|Any CPU
		{FB114A5A-6850-4CFE-9A0C-84D39CDDE43E}.Debug|Any CPU.Build.0 = Debug|Any CPU
		{FB114A5A-6850-4CFE-9A0C-84D39CDDE43E}.Debug|x64.ActiveCfg = Debug|x64
		{FB114A5A-6850-4CFE-9A0C-84D39CDDE43E}.Debug|x64.Build.0 = Debug|x64
		{FB114A5A-6850-4CFE-9A0C-84D39CDDE43E}.Debug|x86.ActiveCfg = Debug|x86
		{FB114A5A-6850-4CFE-9A0C-84D39CDDE43E}.Debug|x86.Build.0 = Debug|x86
		{FB114A5A-6850-4CFE-9A0C-84D39CDDE43E}.Release|Any CPU.ActiveCfg = Release|Any CPU
		{FB114A5A-6850-4CFE-9A0C-84D39CDDE43E}.Release|Any CPU.Build.0 = Release|Any CPU
		{FB114A5A-6850-4CFE-9A0C-84D39CDDE43E}.Release|x64.ActiveCfg = Release|x64
		{FB114A5A-6850-4CFE-9A0C-84D39CDDE43E}.Release|x64.Build.0 = Release|x64
		{FB114A5A-6850-4CFE-9A0C-84D39CDDE43E}.Release|x86.ActiveCfg = Release|x86
		{FB114A5A-6850-4CFE-9A0C-84D39CDDE43E}.Release|x86.Build.0 = Release|x86
		{945ACCAE-60FD-45E6-B589-CFC8098A8DE5}.Debug|Any CPU.ActiveCfg = Debug|Any CPU
		{945ACCAE-60FD-45E6-B589-CFC8098A8DE5}.Debug|Any CPU.Build.0 = Debug|Any CPU
		{945ACCAE-60FD-45E6-B589-CFC8098A8DE5}.Debug|x64.ActiveCfg = Debug|x64
		{945ACCAE-60FD-45E6-B589-CFC8098A8DE5}.Debug|x64.Build.0 = Debug|x64
		{945ACCAE-60FD-45E6-B589-CFC8098A8DE5}.Debug|x86.ActiveCfg = Debug|x86
		{945ACCAE-60FD-45E6-B589-CFC8098A8DE5}.Debug|x86.Build.0 = Debug|x86
		{945ACCAE-60FD-45E6-B589-CFC8098A8DE5}.Release|Any CPU.ActiveCfg = Release|Any CPU
		{945ACCAE-60FD-45E6-B589-CFC8098A8DE5}.Release|Any CPU.Build.0 = Release|Any CPU
		{945ACCAE-60FD-45E6-B589-CFC8098A8DE5}.Release|x64.ActiveCfg = Release|x64
		{945ACCAE-60FD-45E6-B589-CFC8098A8DE5}.Release|x64.Build.0 = Release|x64
		{945ACCAE-60FD-45E6-B589-CFC8098A8DE5}.Release|x86.ActiveCfg = Release|x86
		{945ACCAE-60FD-45E6-B589-CFC8098A8DE5}.Release|x86.Build.0 = Release|x86
		{8A1F7F28-D023-4B0B-992A-C7D8FA1666C8}.Debug|Any CPU.ActiveCfg = Debug|Any CPU
		{8A1F7F28-D023-4B0B-992A-C7D8FA1666C8}.Debug|Any CPU.Build.0 = Debug|Any CPU
		{8A1F7F28-D023-4B0B-992A-C7D8FA1666C8}.Debug|x64.ActiveCfg = Debug|x64
		{8A1F7F28-D023-4B0B-992A-C7D8FA1666C8}.Debug|x64.Build.0 = Debug|x64
		{8A1F7F28-D023-4B0B-992A-C7D8FA1666C8}.Debug|x86.ActiveCfg = Debug|x86
		{8A1F7F28-D023-4B0B-992A-C7D8FA1666C8}.Debug|x86.Build.0 = Debug|x86
		{8A1F7F28-D023-4B0B-992A-C7D8FA1666C8}.Release|Any CPU.ActiveCfg = Release|Any CPU
		{8A1F7F28-D023-4B0B-992A-C7D8FA1666C8}.Release|Any CPU.Build.0 = Release|Any CPU
		{8A1F7F28-D023-4B0B-992A-C7D8FA1666C8}.Release|x64.ActiveCfg = Release|x64
		{8A1F7F28-D023-4B0B-992A-C7D8FA1666C8}.Release|x64.Build.0 = Release|x64
		{8A1F7F28-D023-4B0B-992A-C7D8FA1666C8}.Release|x86.ActiveCfg = Release|x86
		{8A1F7F28-D023-4B0B-992A-C7D8FA1666C8}.Release|x86.Build.0 = Release|x86
		{AE16CC76-B20E-4425-A0C5-FDC24EBACC73}.Debug|Any CPU.ActiveCfg = Debug|Any CPU
		{AE16CC76-B20E-4425-A0C5-FDC24EBACC73}.Debug|Any CPU.Build.0 = Debug|Any CPU
		{AE16CC76-B20E-4425-A0C5-FDC24EBACC73}.Debug|x64.ActiveCfg = Debug|x64
		{AE16CC76-B20E-4425-A0C5-FDC24EBACC73}.Debug|x64.Build.0 = Debug|x64
		{AE16CC76-B20E-4425-A0C5-FDC24EBACC73}.Debug|x86.ActiveCfg = Debug|x86
		{AE16CC76-B20E-4425-A0C5-FDC24EBACC73}.Debug|x86.Build.0 = Debug|x86
		{AE16CC76-B20E-4425-A0C5-FDC24EBACC73}.Release|Any CPU.ActiveCfg = Release|Any CPU
		{AE16CC76-B20E-4425-A0C5-FDC24EBACC73}.Release|Any CPU.Build.0 = Release|Any CPU
		{AE16CC76-B20E-4425-A0C5-FDC24EBACC73}.Release|x64.ActiveCfg = Release|x64
		{AE16CC76-B20E-4425-A0C5-FDC24EBACC73}.Release|x64.Build.0 = Release|x64
		{AE16CC76-B20E-4425-A0C5-FDC24EBACC73}.Release|x86.ActiveCfg = Release|x86
		{AE16CC76-B20E-4425-A0C5-FDC24EBACC73}.Release|x86.Build.0 = Release|x86
		{81E82FFC-F0AE-465C-958C-EADDBC590821}.Debug|Any CPU.ActiveCfg = Debug|Any CPU
		{81E82FFC-F0AE-465C-958C-EADDBC590821}.Debug|Any CPU.Build.0 = Debug|Any CPU
		{81E82FFC-F0AE-465C-958C-EADDBC590821}.Debug|x64.ActiveCfg = Debug|x64
		{81E82FFC-F0AE-465C-958C-EADDBC590821}.Debug|x64.Build.0 = Debug|x64
		{81E82FFC-F0AE-465C-958C-EADDBC590821}.Debug|x86.ActiveCfg = Debug|x86
		{81E82FFC-F0AE-465C-958C-EADDBC590821}.Debug|x86.Build.0 = Debug|x86
		{81E82FFC-F0AE-465C-958C-EADDBC590821}.Release|Any CPU.ActiveCfg = Release|Any CPU
		{81E82FFC-F0AE-465C-958C-EADDBC590821}.Release|Any CPU.Build.0 = Release|Any CPU
		{81E82FFC-F0AE-465C-958C-EADDBC590821}.Release|x64.ActiveCfg = Release|x64
		{81E82FFC-F0AE-465C-958C-EADDBC590821}.Release|x64.Build.0 = Release|x64
		{81E82FFC-F0AE-465C-958C-EADDBC590821}.Release|x86.ActiveCfg = Release|x86
		{81E82FFC-F0AE-465C-958C-EADDBC590821}.Release|x86.Build.0 = Release|x86
		{8C8917FF-842B-49B2-A9B5-F59AE12F19D6}.Debug|Any CPU.ActiveCfg = Debug|Any CPU
		{8C8917FF-842B-49B2-A9B5-F59AE12F19D6}.Debug|Any CPU.Build.0 = Debug|Any CPU
		{8C8917FF-842B-49B2-A9B5-F59AE12F19D6}.Debug|x64.ActiveCfg = Debug|x64
		{8C8917FF-842B-49B2-A9B5-F59AE12F19D6}.Debug|x64.Build.0 = Debug|x64
		{8C8917FF-842B-49B2-A9B5-F59AE12F19D6}.Debug|x86.ActiveCfg = Debug|x86
		{8C8917FF-842B-49B2-A9B5-F59AE12F19D6}.Debug|x86.Build.0 = Debug|x86
		{8C8917FF-842B-49B2-A9B5-F59AE12F19D6}.Release|Any CPU.ActiveCfg = Release|Any CPU
		{8C8917FF-842B-49B2-A9B5-F59AE12F19D6}.Release|Any CPU.Build.0 = Release|Any CPU
		{8C8917FF-842B-49B2-A9B5-F59AE12F19D6}.Release|x64.ActiveCfg = Release|x64
		{8C8917FF-842B-49B2-A9B5-F59AE12F19D6}.Release|x64.Build.0 = Release|x64
		{8C8917FF-842B-49B2-A9B5-F59AE12F19D6}.Release|x86.ActiveCfg = Release|x86
		{8C8917FF-842B-49B2-A9B5-F59AE12F19D6}.Release|x86.Build.0 = Release|x86
		{152244BE-DD74-4CEF-853A-D4443109119F}.Debug|Any CPU.ActiveCfg = Release|Any CPU
		{152244BE-DD74-4CEF-853A-D4443109119F}.Debug|Any CPU.Build.0 = Release|Any CPU
		{152244BE-DD74-4CEF-853A-D4443109119F}.Debug|x64.ActiveCfg = Debug|x64
		{152244BE-DD74-4CEF-853A-D4443109119F}.Debug|x64.Build.0 = Debug|x64
		{152244BE-DD74-4CEF-853A-D4443109119F}.Debug|x86.ActiveCfg = Debug|x86
		{152244BE-DD74-4CEF-853A-D4443109119F}.Debug|x86.Build.0 = Debug|x86
		{152244BE-DD74-4CEF-853A-D4443109119F}.Release|Any CPU.ActiveCfg = Release|Any CPU
		{152244BE-DD74-4CEF-853A-D4443109119F}.Release|Any CPU.Build.0 = Release|Any CPU
		{152244BE-DD74-4CEF-853A-D4443109119F}.Release|x64.ActiveCfg = Release|x64
		{152244BE-DD74-4CEF-853A-D4443109119F}.Release|x64.Build.0 = Release|x64
		{152244BE-DD74-4CEF-853A-D4443109119F}.Release|x86.ActiveCfg = Release|x86
		{152244BE-DD74-4CEF-853A-D4443109119F}.Release|x86.Build.0 = Release|x86
		{AD42A25D-330C-4DC5-8591-71AA84219DB9}.Debug|Any CPU.ActiveCfg = Release|Any CPU
		{AD42A25D-330C-4DC5-8591-71AA84219DB9}.Debug|Any CPU.Build.0 = Release|Any CPU
		{AD42A25D-330C-4DC5-8591-71AA84219DB9}.Debug|x64.ActiveCfg = Debug|x64
		{AD42A25D-330C-4DC5-8591-71AA84219DB9}.Debug|x64.Build.0 = Debug|x64
		{AD42A25D-330C-4DC5-8591-71AA84219DB9}.Debug|x86.ActiveCfg = Debug|x86
		{AD42A25D-330C-4DC5-8591-71AA84219DB9}.Debug|x86.Build.0 = Debug|x86
		{AD42A25D-330C-4DC5-8591-71AA84219DB9}.Release|Any CPU.ActiveCfg = Release|Any CPU
		{AD42A25D-330C-4DC5-8591-71AA84219DB9}.Release|Any CPU.Build.0 = Release|Any CPU
		{AD42A25D-330C-4DC5-8591-71AA84219DB9}.Release|x64.ActiveCfg = Release|x64
		{AD42A25D-330C-4DC5-8591-71AA84219DB9}.Release|x64.Build.0 = Release|x64
		{AD42A25D-330C-4DC5-8591-71AA84219DB9}.Release|x86.ActiveCfg = Release|x86
		{AD42A25D-330C-4DC5-8591-71AA84219DB9}.Release|x86.Build.0 = Release|x86
	EndGlobalSection
	GlobalSection(SolutionProperties) = preSolution
		HideSolutionNode = FALSE
	EndGlobalSection
	GlobalSection(ExtensibilityGlobals) = postSolution
		SolutionGuid = {9AF7BBFB-B25C-422C-802E-2D8E77898CB2}
	EndGlobalSection
EndGlobal
