
Microsoft Visual Studio Solution File, Format Version 12.00
# Visual Studio Version 17
VisualStudioVersion = 17.0.31612.314
MinimumVisualStudioVersion = 10.0.40219.1
Project("{FAE04EC0-301F-11D3-BF4B-00C04F79EFBC}") = "BIDSDataChecker", "BIDSDataChecker\BIDSDataChecker.csproj", "{FB114A5A-6850-4CFE-9A0C-84D39CDDE43E}"
EndProject
Project("{9A19103F-16F7-4668-BE54-9A1E7A4F7556}") = "BIDSSMemLib.bve5", "BIDSSMemLib.bve5\BIDSSMemLib.bve5.csproj", "{945ACCAE-60FD-45E6-B589-CFC8098A8DE5}"
EndProject
Project("{9A19103F-16F7-4668-BE54-9A1E7A4F7556}") = "BIDSSMemLib.obve", "BIDSSMemLib.obve\BIDSSMemLib.obve.csproj", "{8A1F7F28-D023-4B0B-992A-C7D8FA1666C8}"
EndProject
Project("{9A19103F-16F7-4668-BE54-9A1E7A4F7556}") = "BIDSSMemLib.rw", "BIDSSMemLib.rw\BIDSSMemLib.rw.csproj", "{AE16CC76-B20E-4425-A0C5-FDC24EBACC73}"
EndProject
Project("{9A19103F-16F7-4668-BE54-9A1E7A4F7556}") = "BIDSSMemInputTester", "BIDSSMemInputTester\BIDSSMemInputTester.csproj", "{81E82FFC-F0AE-465C-958C-EADDBC590821}"
EndProject
Project("{9A19103F-16F7-4668-BE54-9A1E7A4F7556}") = "BIDSSMemLib.structs", "BIDSSMemLib.structs\BIDSSMemLib.structs.csproj", "{8C8917FF-842B-49B2-A9B5-F59AE12F19D6}"
EndProject
Project("{9A19103F-16F7-4668-BE54-9A1E7A4F7556}") = "TR.SMemIF", "TR.SMemIF\TR.SMemIF.csproj", "{152244BE-DD74-4CEF-853A-D4443109119F}"
EndProject
Project("{9A19103F-16F7-4668-BE54-9A1E7A4F7556}") = "TR.SMemCtrler", "TR.SMemCtrler\TR.SMemCtrler.csproj", "{AD42A25D-330C-4DC5-8591-71AA84219DB9}"
EndProject
Project("{9A19103F-16F7-4668-BE54-9A1E7A4F7556}") = "TR.SMemIF.Tests", "TR.SMemIF.Tests\TR.SMemIF.Tests.csproj", "{6FE0ADA4-551B-4961-8501-C68D670747F6}"
EndProject
Project("{9A19103F-16F7-4668-BE54-9A1E7A4F7556}") = "TR.SMemIF.Mock", "TR.SMemIF.Mock\TR.SMemIF.Mock.csproj", "{A0AABAFB-848D-484A-A853-115075F66FCC}"
EndProject
Project("{9A19103F-16F7-4668-BE54-9A1E7A4F7556}") = "TR.CustomDataSharingManager", "TR.CustomDataSharingManager\TR.CustomDataSharingManager.csproj", "{21458AD4-968B-4899-9C06-3CE5D9A52C07}"
EndProject
Project("{9A19103F-16F7-4668-BE54-9A1E7A4F7556}") = "TR.SMemCtrler.Tests", "TR.SMemCtrler.Tests\TR.SMemCtrler.Tests.csproj", "{B76D5B02-2F27-4A68-8D86-82CC4A669CCB}"
EndProject
Project("{9A19103F-16F7-4668-BE54-9A1E7A4F7556}") = "TR.CustomDataSharingManager.Tests", "TR.CustomDataSharingManager.Tests\TR.CustomDataSharingManager.Tests.csproj", "{31453983-8901-432B-95EF-5460DB8ABC71}"
EndProject
Project("{9A19103F-16F7-4668-BE54-9A1E7A4F7556}") = "TR.CustomDataSharingManager.Core", "TR.CustomDataSharingManager.Core\TR.CustomDataSharingManager.Core.csproj", "{13E2C2A5-1CD9-436D-B0B1-CC0F6F39F5C9}"
EndProject
Project("{9A19103F-16F7-4668-BE54-9A1E7A4F7556}") = "TR.ISMemCtrler", "TR.ISMemCtrler\TR.ISMemCtrler.csproj", "{3DB8F183-FD79-4718-B7C0-7AAE5CCC30E4}"
EndProject
Project("{9A19103F-16F7-4668-BE54-9A1E7A4F7556}") = "TR.ISMemIF", "TR.ISMemIF\TR.ISMemIF.csproj", "{A6FAC5BD-E7D3-48B7-B169-737A55ACA4BA}"
EndProject
Project("{9A19103F-16F7-4668-BE54-9A1E7A4F7556}") = "TR.SMemCtrler.AutoReadSupporter", "TR.SMemCtrler.AutoReadSupporter\TR.SMemCtrler.AutoReadSupporter.csproj", "{379AE942-0251-4901-9BF7-EB1B0A1BCB44}"
EndProject
Project("{FAE04EC0-301F-11D3-BF4B-00C04F79EFBC}") = "BIDSSMemLib.RandomWriter", "BIDSSMemLib.RandomWriter\BIDSSMemLib.RandomWriter.csproj", "{68B51B15-7F21-4BDB-B813-9619C087BD32}"
EndProject
Global
	GlobalSection(SolutionConfigurationPlatforms) = preSolution
		Debug|Any CPU = Debug|Any CPU
		Debug|x64 = Debug|x64
		Debug|x86 = Debug|x86
		Release|Any CPU = Release|Any CPU
		Release|x64 = Release|x64
		Release|x86 = Release|x86
	EndGlobalSection
	GlobalSection(ProjectConfigurationPlatforms) = postSolution
		{FB114A5A-6850-4CFE-9A0C-84D39CDDE43E}.Debug|Any CPU.ActiveCfg = Debug|Any CPU
		{FB114A5A-6850-4CFE-9A0C-84D39CDDE43E}.Debug|Any CPU.Build.0 = Debug|Any CPU
		{FB114A5A-6850-4CFE-9A0C-84D39CDDE43E}.Debug|x64.ActiveCfg = Debug|x64
		{FB114A5A-6850-4CFE-9A0C-84D39CDDE43E}.Debug|x64.Build.0 = Debug|x64
		{FB114A5A-6850-4CFE-9A0C-84D39CDDE43E}.Debug|x86.ActiveCfg = Debug|x86
		{FB114A5A-6850-4CFE-9A0C-84D39CDDE43E}.Debug|x86.Build.0 = Debug|x86
		{FB114A5A-6850-4CFE-9A0C-84D39CDDE43E}.Release|Any CPU.ActiveCfg = Release|Any CPU
		{FB114A5A-6850-4CFE-9A0C-84D39CDDE43E}.Release|Any CPU.Build.0 = Release|Any CPU
		{FB114A5A-6850-4CFE-9A0C-84D39CDDE43E}.Release|x64.ActiveCfg = Release|x64
		{FB114A5A-6850-4CFE-9A0C-84D39CDDE43E}.Release|x64.Build.0 = Release|x64
		{FB114A5A-6850-4CFE-9A0C-84D39CDDE43E}.Release|x86.ActiveCfg = Release|x86
		{FB114A5A-6850-4CFE-9A0C-84D39CDDE43E}.Release|x86.Build.0 = Release|x86
		{945ACCAE-60FD-45E6-B589-CFC8098A8DE5}.Debug|Any CPU.ActiveCfg = Debug|Any CPU
		{945ACCAE-60FD-45E6-B589-CFC8098A8DE5}.Debug|Any CPU.Build.0 = Debug|Any CPU
		{945ACCAE-60FD-45E6-B589-CFC8098A8DE5}.Debug|x64.ActiveCfg = Debug|x64
		{945ACCAE-60FD-45E6-B589-CFC8098A8DE5}.Debug|x64.Build.0 = Debug|x64
		{945ACCAE-60FD-45E6-B589-CFC8098A8DE5}.Debug|x86.ActiveCfg = Debug|x86
		{945ACCAE-60FD-45E6-B589-CFC8098A8DE5}.Debug|x86.Build.0 = Debug|x86
		{945ACCAE-60FD-45E6-B589-CFC8098A8DE5}.Release|Any CPU.ActiveCfg = Release|Any CPU
		{945ACCAE-60FD-45E6-B589-CFC8098A8DE5}.Release|Any CPU.Build.0 = Release|Any CPU
		{945ACCAE-60FD-45E6-B589-CFC8098A8DE5}.Release|x64.ActiveCfg = Release|x64
		{945ACCAE-60FD-45E6-B589-CFC8098A8DE5}.Release|x64.Build.0 = Release|x64
		{945ACCAE-60FD-45E6-B589-CFC8098A8DE5}.Release|x86.ActiveCfg = Release|x86
		{945ACCAE-60FD-45E6-B589-CFC8098A8DE5}.Release|x86.Build.0 = Release|x86
		{8A1F7F28-D023-4B0B-992A-C7D8FA1666C8}.Debug|Any CPU.ActiveCfg = Debug|Any CPU
		{8A1F7F28-D023-4B0B-992A-C7D8FA1666C8}.Debug|Any CPU.Build.0 = Debug|Any CPU
		{8A1F7F28-D023-4B0B-992A-C7D8FA1666C8}.Debug|x64.ActiveCfg = Debug|x64
		{8A1F7F28-D023-4B0B-992A-C7D8FA1666C8}.Debug|x64.Build.0 = Debug|x64
		{8A1F7F28-D023-4B0B-992A-C7D8FA1666C8}.Debug|x86.ActiveCfg = Debug|x86
		{8A1F7F28-D023-4B0B-992A-C7D8FA1666C8}.Debug|x86.Build.0 = Debug|x86
		{8A1F7F28-D023-4B0B-992A-C7D8FA1666C8}.Release|Any CPU.ActiveCfg = Release|Any CPU
		{8A1F7F28-D023-4B0B-992A-C7D8FA1666C8}.Release|Any CPU.Build.0 = Release|Any CPU
		{8A1F7F28-D023-4B0B-992A-C7D8FA1666C8}.Release|x64.ActiveCfg = Release|x64
		{8A1F7F28-D023-4B0B-992A-C7D8FA1666C8}.Release|x64.Build.0 = Release|x64
		{8A1F7F28-D023-4B0B-992A-C7D8FA1666C8}.Release|x86.ActiveCfg = Release|x86
		{8A1F7F28-D023-4B0B-992A-C7D8FA1666C8}.Release|x86.Build.0 = Release|x86
		{AE16CC76-B20E-4425-A0C5-FDC24EBACC73}.Debug|Any CPU.ActiveCfg = Debug|Any CPU
		{AE16CC76-B20E-4425-A0C5-FDC24EBACC73}.Debug|Any CPU.Build.0 = Debug|Any CPU
		{AE16CC76-B20E-4425-A0C5-FDC24EBACC73}.Debug|x64.ActiveCfg = Debug|x64
		{AE16CC76-B20E-4425-A0C5-FDC24EBACC73}.Debug|x64.Build.0 = Debug|x64
		{AE16CC76-B20E-4425-A0C5-FDC24EBACC73}.Debug|x86.ActiveCfg = Debug|x86
		{AE16CC76-B20E-4425-A0C5-FDC24EBACC73}.Debug|x86.Build.0 = Debug|x86
		{AE16CC76-B20E-4425-A0C5-FDC24EBACC73}.Release|Any CPU.ActiveCfg = Release|Any CPU
		{AE16CC76-B20E-4425-A0C5-FDC24EBACC73}.Release|Any CPU.Build.0 = Release|Any CPU
		{AE16CC76-B20E-4425-A0C5-FDC24EBACC73}.Release|x64.ActiveCfg = Release|x64
		{AE16CC76-B20E-4425-A0C5-FDC24EBACC73}.Release|x64.Build.0 = Release|x64
		{AE16CC76-B20E-4425-A0C5-FDC24EBACC73}.Release|x86.ActiveCfg = Release|x86
		{AE16CC76-B20E-4425-A0C5-FDC24EBACC73}.Release|x86.Build.0 = Release|x86
		{81E82FFC-F0AE-465C-958C-EADDBC590821}.Debug|Any CPU.ActiveCfg = Debug|Any CPU
		{81E82FFC-F0AE-465C-958C-EADDBC590821}.Debug|Any CPU.Build.0 = Debug|Any CPU
		{81E82FFC-F0AE-465C-958C-EADDBC590821}.Debug|x64.ActiveCfg = Debug|x64
		{81E82FFC-F0AE-465C-958C-EADDBC590821}.Debug|x64.Build.0 = Debug|x64
		{81E82FFC-F0AE-465C-958C-EADDBC590821}.Debug|x86.ActiveCfg = Debug|x86
		{81E82FFC-F0AE-465C-958C-EADDBC590821}.Debug|x86.Build.0 = Debug|x86
		{81E82FFC-F0AE-465C-958C-EADDBC590821}.Release|Any CPU.ActiveCfg = Release|Any CPU
		{81E82FFC-F0AE-465C-958C-EADDBC590821}.Release|Any CPU.Build.0 = Release|Any CPU
		{81E82FFC-F0AE-465C-958C-EADDBC590821}.Release|x64.ActiveCfg = Release|x64
		{81E82FFC-F0AE-465C-958C-EADDBC590821}.Release|x64.Build.0 = Release|x64
		{81E82FFC-F0AE-465C-958C-EADDBC590821}.Release|x86.ActiveCfg = Release|x86
		{81E82FFC-F0AE-465C-958C-EADDBC590821}.Release|x86.Build.0 = Release|x86
		{8C8917FF-842B-49B2-A9B5-F59AE12F19D6}.Debug|Any CPU.ActiveCfg = Debug|Any CPU
		{8C8917FF-842B-49B2-A9B5-F59AE12F19D6}.Debug|Any CPU.Build.0 = Debug|Any CPU
		{8C8917FF-842B-49B2-A9B5-F59AE12F19D6}.Debug|x64.ActiveCfg = Debug|x64
		{8C8917FF-842B-49B2-A9B5-F59AE12F19D6}.Debug|x64.Build.0 = Debug|x64
		{8C8917FF-842B-49B2-A9B5-F59AE12F19D6}.Debug|x86.ActiveCfg = Debug|x86
		{8C8917FF-842B-49B2-A9B5-F59AE12F19D6}.Debug|x86.Build.0 = Debug|x86
		{8C8917FF-842B-49B2-A9B5-F59AE12F19D6}.Release|Any CPU.ActiveCfg = Release|Any CPU
		{8C8917FF-842B-49B2-A9B5-F59AE12F19D6}.Release|Any CPU.Build.0 = Release|Any CPU
		{8C8917FF-842B-49B2-A9B5-F59AE12F19D6}.Release|x64.ActiveCfg = Release|x64
		{8C8917FF-842B-49B2-A9B5-F59AE12F19D6}.Release|x64.Build.0 = Release|x64
		{8C8917FF-842B-49B2-A9B5-F59AE12F19D6}.Release|x86.ActiveCfg = Release|x86
		{8C8917FF-842B-49B2-A9B5-F59AE12F19D6}.Release|x86.Build.0 = Release|x86
		{152244BE-DD74-4CEF-853A-D4443109119F}.Debug|Any CPU.ActiveCfg = Debug|Any CPU
		{152244BE-DD74-4CEF-853A-D4443109119F}.Debug|Any CPU.Build.0 = Debug|Any CPU
		{152244BE-DD74-4CEF-853A-D4443109119F}.Debug|x64.ActiveCfg = Debug|x64
		{152244BE-DD74-4CEF-853A-D4443109119F}.Debug|x64.Build.0 = Debug|x64
		{152244BE-DD74-4CEF-853A-D4443109119F}.Debug|x86.ActiveCfg = Debug|x86
		{152244BE-DD74-4CEF-853A-D4443109119F}.Debug|x86.Build.0 = Debug|x86
		{152244BE-DD74-4CEF-853A-D4443109119F}.Release|Any CPU.ActiveCfg = Release|Any CPU
		{152244BE-DD74-4CEF-853A-D4443109119F}.Release|Any CPU.Build.0 = Release|Any CPU
		{152244BE-DD74-4CEF-853A-D4443109119F}.Release|x64.ActiveCfg = Release|x64
		{152244BE-DD74-4CEF-853A-D4443109119F}.Release|x64.Build.0 = Release|x64
		{152244BE-DD74-4CEF-853A-D4443109119F}.Release|x86.ActiveCfg = Release|x86
		{152244BE-DD74-4CEF-853A-D4443109119F}.Release|x86.Build.0 = Release|x86
		{AD42A25D-330C-4DC5-8591-71AA84219DB9}.Debug|Any CPU.ActiveCfg = Debug|Any CPU
		{AD42A25D-330C-4DC5-8591-71AA84219DB9}.Debug|Any CPU.Build.0 = Debug|Any CPU
		{AD42A25D-330C-4DC5-8591-71AA84219DB9}.Debug|x64.ActiveCfg = Debug|x64
		{AD42A25D-330C-4DC5-8591-71AA84219DB9}.Debug|x64.Build.0 = Debug|x64
		{AD42A25D-330C-4DC5-8591-71AA84219DB9}.Debug|x86.ActiveCfg = Debug|x86
		{AD42A25D-330C-4DC5-8591-71AA84219DB9}.Debug|x86.Build.0 = Debug|x86
		{AD42A25D-330C-4DC5-8591-71AA84219DB9}.Release|Any CPU.ActiveCfg = Release|Any CPU
		{AD42A25D-330C-4DC5-8591-71AA84219DB9}.Release|Any CPU.Build.0 = Release|Any CPU
		{AD42A25D-330C-4DC5-8591-71AA84219DB9}.Release|x64.ActiveCfg = Release|x64
		{AD42A25D-330C-4DC5-8591-71AA84219DB9}.Release|x64.Build.0 = Release|x64
		{AD42A25D-330C-4DC5-8591-71AA84219DB9}.Release|x86.ActiveCfg = Release|x86
		{AD42A25D-330C-4DC5-8591-71AA84219DB9}.Release|x86.Build.0 = Release|x86
		{6FE0ADA4-551B-4961-8501-C68D670747F6}.Debug|Any CPU.ActiveCfg = Debug|Any CPU
		{6FE0ADA4-551B-4961-8501-C68D670747F6}.Debug|Any CPU.Build.0 = Debug|Any CPU
		{6FE0ADA4-551B-4961-8501-C68D670747F6}.Debug|x64.ActiveCfg = Debug|Any CPU
		{6FE0ADA4-551B-4961-8501-C68D670747F6}.Debug|x64.Build.0 = Debug|Any CPU
		{6FE0ADA4-551B-4961-8501-C68D670747F6}.Debug|x86.ActiveCfg = Debug|Any CPU
		{6FE0ADA4-551B-4961-8501-C68D670747F6}.Debug|x86.Build.0 = Debug|Any CPU
		{6FE0ADA4-551B-4961-8501-C68D670747F6}.Release|Any CPU.ActiveCfg = Release|Any CPU
		{6FE0ADA4-551B-4961-8501-C68D670747F6}.Release|Any CPU.Build.0 = Release|Any CPU
		{6FE0ADA4-551B-4961-8501-C68D670747F6}.Release|x64.ActiveCfg = Release|Any CPU
		{6FE0ADA4-551B-4961-8501-C68D670747F6}.Release|x64.Build.0 = Release|Any CPU
		{6FE0ADA4-551B-4961-8501-C68D670747F6}.Release|x86.ActiveCfg = Release|Any CPU
		{6FE0ADA4-551B-4961-8501-C68D670747F6}.Release|x86.Build.0 = Release|Any CPU
		{A0AABAFB-848D-484A-A853-115075F66FCC}.Debug|Any CPU.ActiveCfg = Debug|Any CPU
		{A0AABAFB-848D-484A-A853-115075F66FCC}.Debug|Any CPU.Build.0 = Debug|Any CPU
		{A0AABAFB-848D-484A-A853-115075F66FCC}.Debug|x64.ActiveCfg = Debug|Any CPU
		{A0AABAFB-848D-484A-A853-115075F66FCC}.Debug|x64.Build.0 = Debug|Any CPU
		{A0AABAFB-848D-484A-A853-115075F66FCC}.Debug|x86.ActiveCfg = Debug|Any CPU
		{A0AABAFB-848D-484A-A853-115075F66FCC}.Debug|x86.Build.0 = Debug|Any CPU
		{A0AABAFB-848D-484A-A853-115075F66FCC}.Release|Any CPU.ActiveCfg = Release|Any CPU
		{A0AABAFB-848D-484A-A853-115075F66FCC}.Release|Any CPU.Build.0 = Release|Any CPU
		{A0AABAFB-848D-484A-A853-115075F66FCC}.Release|x64.ActiveCfg = Release|Any CPU
		{A0AABAFB-848D-484A-A853-115075F66FCC}.Release|x64.Build.0 = Release|Any CPU
		{A0AABAFB-848D-484A-A853-115075F66FCC}.Release|x86.ActiveCfg = Release|Any CPU
		{A0AABAFB-848D-484A-A853-115075F66FCC}.Release|x86.Build.0 = Release|Any CPU
		{21458AD4-968B-4899-9C06-3CE5D9A52C07}.Debug|Any CPU.ActiveCfg = Debug|Any CPU
		{21458AD4-968B-4899-9C06-3CE5D9A52C07}.Debug|Any CPU.Build.0 = Debug|Any CPU
		{21458AD4-968B-4899-9C06-3CE5D9A52C07}.Debug|x64.ActiveCfg = Debug|Any CPU
		{21458AD4-968B-4899-9C06-3CE5D9A52C07}.Debug|x64.Build.0 = Debug|Any CPU
		{21458AD4-968B-4899-9C06-3CE5D9A52C07}.Debug|x86.ActiveCfg = Debug|Any CPU
		{21458AD4-968B-4899-9C06-3CE5D9A52C07}.Debug|x86.Build.0 = Debug|Any CPU
		{21458AD4-968B-4899-9C06-3CE5D9A52C07}.Release|Any CPU.ActiveCfg = Release|Any CPU
		{21458AD4-968B-4899-9C06-3CE5D9A52C07}.Release|Any CPU.Build.0 = Release|Any CPU
		{21458AD4-968B-4899-9C06-3CE5D9A52C07}.Release|x64.ActiveCfg = Release|Any CPU
		{21458AD4-968B-4899-9C06-3CE5D9A52C07}.Release|x64.Build.0 = Release|Any CPU
		{21458AD4-968B-4899-9C06-3CE5D9A52C07}.Release|x86.ActiveCfg = Release|Any CPU
		{21458AD4-968B-4899-9C06-3CE5D9A52C07}.Release|x86.Build.0 = Release|Any CPU
		{B76D5B02-2F27-4A68-8D86-82CC4A669CCB}.Debug|Any CPU.ActiveCfg = Debug|Any CPU
		{B76D5B02-2F27-4A68-8D86-82CC4A669CCB}.Debug|Any CPU.Build.0 = Debug|Any CPU
		{B76D5B02-2F27-4A68-8D86-82CC4A669CCB}.Debug|x64.ActiveCfg = Debug|Any CPU
		{B76D5B02-2F27-4A68-8D86-82CC4A669CCB}.Debug|x64.Build.0 = Debug|Any CPU
		{B76D5B02-2F27-4A68-8D86-82CC4A669CCB}.Debug|x86.ActiveCfg = Debug|Any CPU
		{B76D5B02-2F27-4A68-8D86-82CC4A669CCB}.Debug|x86.Build.0 = Debug|Any CPU
		{B76D5B02-2F27-4A68-8D86-82CC4A669CCB}.Release|Any CPU.ActiveCfg = Release|Any CPU
		{B76D5B02-2F27-4A68-8D86-82CC4A669CCB}.Release|Any CPU.Build.0 = Release|Any CPU
		{B76D5B02-2F27-4A68-8D86-82CC4A669CCB}.Release|x64.ActiveCfg = Release|Any CPU
		{B76D5B02-2F27-4A68-8D86-82CC4A669CCB}.Release|x64.Build.0 = Release|Any CPU
		{B76D5B02-2F27-4A68-8D86-82CC4A669CCB}.Release|x86.ActiveCfg = Release|Any CPU
		{B76D5B02-2F27-4A68-8D86-82CC4A669CCB}.Release|x86.Build.0 = Release|Any CPU
		{31453983-8901-432B-95EF-5460DB8ABC71}.Debug|Any CPU.ActiveCfg = Debug|Any CPU
		{31453983-8901-432B-95EF-5460DB8ABC71}.Debug|Any CPU.Build.0 = Debug|Any CPU
		{31453983-8901-432B-95EF-5460DB8ABC71}.Debug|x64.ActiveCfg = Debug|Any CPU
		{31453983-8901-432B-95EF-5460DB8ABC71}.Debug|x64.Build.0 = Debug|Any CPU
		{31453983-8901-432B-95EF-5460DB8ABC71}.Debug|x86.ActiveCfg = Debug|Any CPU
		{31453983-8901-432B-95EF-5460DB8ABC71}.Debug|x86.Build.0 = Debug|Any CPU
		{31453983-8901-432B-95EF-5460DB8ABC71}.Release|Any CPU.ActiveCfg = Release|Any CPU
		{31453983-8901-432B-95EF-5460DB8ABC71}.Release|Any CPU.Build.0 = Release|Any CPU
		{31453983-8901-432B-95EF-5460DB8ABC71}.Release|x64.ActiveCfg = Release|Any CPU
		{31453983-8901-432B-95EF-5460DB8ABC71}.Release|x64.Build.0 = Release|Any CPU
		{31453983-8901-432B-95EF-5460DB8ABC71}.Release|x86.ActiveCfg = Release|Any CPU
		{31453983-8901-432B-95EF-5460DB8ABC71}.Release|x86.Build.0 = Release|Any CPU
		{13E2C2A5-1CD9-436D-B0B1-CC0F6F39F5C9}.Debug|Any CPU.ActiveCfg = Debug|Any CPU
		{13E2C2A5-1CD9-436D-B0B1-CC0F6F39F5C9}.Debug|Any CPU.Build.0 = Debug|Any CPU
		{13E2C2A5-1CD9-436D-B0B1-CC0F6F39F5C9}.Debug|x64.ActiveCfg = Debug|Any CPU
		{13E2C2A5-1CD9-436D-B0B1-CC0F6F39F5C9}.Debug|x64.Build.0 = Debug|Any CPU
		{13E2C2A5-1CD9-436D-B0B1-CC0F6F39F5C9}.Debug|x86.ActiveCfg = Debug|Any CPU
		{13E2C2A5-1CD9-436D-B0B1-CC0F6F39F5C9}.Debug|x86.Build.0 = Debug|Any CPU
		{13E2C2A5-1CD9-436D-B0B1-CC0F6F39F5C9}.Release|Any CPU.ActiveCfg = Release|Any CPU
		{13E2C2A5-1CD9-436D-B0B1-CC0F6F39F5C9}.Release|Any CPU.Build.0 = Release|Any CPU
		{13E2C2A5-1CD9-436D-B0B1-CC0F6F39F5C9}.Release|x64.ActiveCfg = Release|Any CPU
		{13E2C2A5-1CD9-436D-B0B1-CC0F6F39F5C9}.Release|x64.Build.0 = Release|Any CPU
		{13E2C2A5-1CD9-436D-B0B1-CC0F6F39F5C9}.Release|x86.ActiveCfg = Release|Any CPU
		{13E2C2A5-1CD9-436D-B0B1-CC0F6F39F5C9}.Release|x86.Build.0 = Release|Any CPU
		{3DB8F183-FD79-4718-B7C0-7AAE5CCC30E4}.Debug|Any CPU.ActiveCfg = Debug|Any CPU
		{3DB8F183-FD79-4718-B7C0-7AAE5CCC30E4}.Debug|Any CPU.Build.0 = Debug|Any CPU
		{3DB8F183-FD79-4718-B7C0-7AAE5CCC30E4}.Debug|x64.ActiveCfg = Debug|Any CPU
		{3DB8F183-FD79-4718-B7C0-7AAE5CCC30E4}.Debug|x64.Build.0 = Debug|Any CPU
		{3DB8F183-FD79-4718-B7C0-7AAE5CCC30E4}.Debug|x86.ActiveCfg = Debug|Any CPU
		{3DB8F183-FD79-4718-B7C0-7AAE5CCC30E4}.Debug|x86.Build.0 = Debug|Any CPU
		{3DB8F183-FD79-4718-B7C0-7AAE5CCC30E4}.Release|Any CPU.ActiveCfg = Release|Any CPU
		{3DB8F183-FD79-4718-B7C0-7AAE5CCC30E4}.Release|Any CPU.Build.0 = Release|Any CPU
		{3DB8F183-FD79-4718-B7C0-7AAE5CCC30E4}.Release|x64.ActiveCfg = Release|Any CPU
		{3DB8F183-FD79-4718-B7C0-7AAE5CCC30E4}.Release|x64.Build.0 = Release|Any CPU
		{3DB8F183-FD79-4718-B7C0-7AAE5CCC30E4}.Release|x86.ActiveCfg = Release|Any CPU
		{3DB8F183-FD79-4718-B7C0-7AAE5CCC30E4}.Release|x86.Build.0 = Release|Any CPU
		{A6FAC5BD-E7D3-48B7-B169-737A55ACA4BA}.Debug|Any CPU.ActiveCfg = Debug|Any CPU
		{A6FAC5BD-E7D3-48B7-B169-737A55ACA4BA}.Debug|Any CPU.Build.0 = Debug|Any CPU
		{A6FAC5BD-E7D3-48B7-B169-737A55ACA4BA}.Debug|x64.ActiveCfg = Debug|Any CPU
		{A6FAC5BD-E7D3-48B7-B169-737A55ACA4BA}.Debug|x64.Build.0 = Debug|Any CPU
		{A6FAC5BD-E7D3-48B7-B169-737A55ACA4BA}.Debug|x86.ActiveCfg = Debug|Any CPU
		{A6FAC5BD-E7D3-48B7-B169-737A55ACA4BA}.Debug|x86.Build.0 = Debug|Any CPU
		{A6FAC5BD-E7D3-48B7-B169-737A55ACA4BA}.Release|Any CPU.ActiveCfg = Release|Any CPU
		{A6FAC5BD-E7D3-48B7-B169-737A55ACA4BA}.Release|Any CPU.Build.0 = Release|Any CPU
		{A6FAC5BD-E7D3-48B7-B169-737A55ACA4BA}.Release|x64.ActiveCfg = Release|Any CPU
		{A6FAC5BD-E7D3-48B7-B169-737A55ACA4BA}.Release|x64.Build.0 = Release|Any CPU
		{A6FAC5BD-E7D3-48B7-B169-737A55ACA4BA}.Release|x86.ActiveCfg = Release|Any CPU
		{A6FAC5BD-E7D3-48B7-B169-737A55ACA4BA}.Release|x86.Build.0 = Release|Any CPU
		{379AE942-0251-4901-9BF7-EB1B0A1BCB44}.Debug|Any CPU.ActiveCfg = Debug|Any CPU
		{379AE942-0251-4901-9BF7-EB1B0A1BCB44}.Debug|Any CPU.Build.0 = Debug|Any CPU
		{379AE942-0251-4901-9BF7-EB1B0A1BCB44}.Debug|x64.ActiveCfg = Debug|Any CPU
		{379AE942-0251-4901-9BF7-EB1B0A1BCB44}.Debug|x64.Build.0 = Debug|Any CPU
		{379AE942-0251-4901-9BF7-EB1B0A1BCB44}.Debug|x86.ActiveCfg = Debug|Any CPU
		{379AE942-0251-4901-9BF7-EB1B0A1BCB44}.Debug|x86.Build.0 = Debug|Any CPU
		{379AE942-0251-4901-9BF7-EB1B0A1BCB44}.Release|Any CPU.ActiveCfg = Release|Any CPU
		{379AE942-0251-4901-9BF7-EB1B0A1BCB44}.Release|Any CPU.Build.0 = Release|Any CPU
		{379AE942-0251-4901-9BF7-EB1B0A1BCB44}.Release|x64.ActiveCfg = Release|Any CPU
		{379AE942-0251-4901-9BF7-EB1B0A1BCB44}.Release|x64.Build.0 = Release|Any CPU
		{379AE942-0251-4901-9BF7-EB1B0A1BCB44}.Release|x86.ActiveCfg = Release|Any CPU
		{379AE942-0251-4901-9BF7-EB1B0A1BCB44}.Release|x86.Build.0 = Release|Any CPU
		{68B51B15-7F21-4BDB-B813-9619C087BD32}.Debug|Any CPU.ActiveCfg = Debug|Any CPU
		{68B51B15-7F21-4BDB-B813-9619C087BD32}.Debug|Any CPU.Build.0 = Debug|Any CPU
		{68B51B15-7F21-4BDB-B813-9619C087BD32}.Debug|x64.ActiveCfg = Debug|Any CPU
		{68B51B15-7F21-4BDB-B813-9619C087BD32}.Debug|x64.Build.0 = Debug|Any CPU
		{68B51B15-7F21-4BDB-B813-9619C087BD32}.Debug|x86.ActiveCfg = Debug|Any CPU
		{68B51B15-7F21-4BDB-B813-9619C087BD32}.Debug|x86.Build.0 = Debug|Any CPU
		{68B51B15-7F21-4BDB-B813-9619C087BD32}.Release|Any CPU.ActiveCfg = Release|Any CPU
		{68B51B15-7F21-4BDB-B813-9619C087BD32}.Release|Any CPU.Build.0 = Release|Any CPU
		{68B51B15-7F21-4BDB-B813-9619C087BD32}.Release|x64.ActiveCfg = Release|Any CPU
		{68B51B15-7F21-4BDB-B813-9619C087BD32}.Release|x64.Build.0 = Release|Any CPU
		{68B51B15-7F21-4BDB-B813-9619C087BD32}.Release|x86.ActiveCfg = Release|Any CPU
		{68B51B15-7F21-4BDB-B813-9619C087BD32}.Release|x86.Build.0 = Release|Any CPU
	EndGlobalSection
	GlobalSection(SolutionProperties) = preSolution
		HideSolutionNode = FALSE
	EndGlobalSection
	GlobalSection(ExtensibilityGlobals) = postSolution
		SolutionGuid = {9AF7BBFB-B25C-422C-802E-2D8E77898CB2}
	EndGlobalSection
EndGlobal
